// !$*UTF8*$!
{
	archiveVersion = 1;
	classes = {
	};
	objectVersion = 51;
	objects = {

/* Begin PBXBuildFile section */
		9B09110C265BEEBA00FB5928 /* ThemeVC.swift in Sources */ = {isa = PBXBuildFile; fileRef = 9B09110B265BEEBA00FB5928 /* ThemeVC.swift */; };
		9B09110F265BEEF500FB5928 /* ThemeCollectionReusableView.swift in Sources */ = {isa = PBXBuildFile; fileRef = 9B09110E265BEEF500FB5928 /* ThemeCollectionReusableView.swift */; };
		9B091112265BF13F00FB5928 /* ThemeCollectionViewFlowLayout.swift in Sources */ = {isa = PBXBuildFile; fileRef = 9B091111265BF13F00FB5928 /* ThemeCollectionViewFlowLayout.swift */; };
		9B09111C265BFB2600FB5928 /* ThemeKeywordCell.swift in Sources */ = {isa = PBXBuildFile; fileRef = 9B09111B265BFB2600FB5928 /* ThemeKeywordCell.swift */; };
		9B09111F265C05F100FB5928 /* ThemeGameListCell.swift in Sources */ = {isa = PBXBuildFile; fileRef = 9B09111E265C05F100FB5928 /* ThemeGameListCell.swift */; };
		9B09112B265FC14500FB5928 /* GameCollectVC.swift in Sources */ = {isa = PBXBuildFile; fileRef = 9B09112A265FC14500FB5928 /* GameCollectVC.swift */; };
		9B140E7E268B4EE6003421F2 /* UserData.swift in Sources */ = {isa = PBXBuildFile; fileRef = 9B140E7D268B4EE6003421F2 /* UserData.swift */; };
		9B140E83268B5C06003421F2 /* UserSaveListData.swift in Sources */ = {isa = PBXBuildFile; fileRef = 9B140E82268B5C06003421F2 /* UserSaveListData.swift */; };
		9B162C44264AD75A00219529 /* MySaveListVC.swift in Sources */ = {isa = PBXBuildFile; fileRef = 9B162C43264AD75A00219529 /* MySaveListVC.swift */; };
		9B162C49264AD79700219529 /* MySaveListCell.swift in Sources */ = {isa = PBXBuildFile; fileRef = 9B162C48264AD79700219529 /* MySaveListCell.swift */; };
		9B162C4C264ADC7600219529 /* MyReviewListVC.swift in Sources */ = {isa = PBXBuildFile; fileRef = 9B162C4B264ADC7600219529 /* MyReviewListVC.swift */; };
		9B294180267904120008F69F /* TrendingGame.swift in Sources */ = {isa = PBXBuildFile; fileRef = 9B29417F267904120008F69F /* TrendingGame.swift */; };
		9B2941882679CACB0008F69F /* UIImageView+Extension.swift in Sources */ = {isa = PBXBuildFile; fileRef = 9B2941872679CACB0008F69F /* UIImageView+Extension.swift */; };
		9B29418C267A48640008F69F /* Splash.storyboard in Resources */ = {isa = PBXBuildFile; fileRef = 9B29418B267A48640008F69F /* Splash.storyboard */; };
		9B294193267A4A420008F69F /* SplashVC.swift in Sources */ = {isa = PBXBuildFile; fileRef = 9B294192267A4A420008F69F /* SplashVC.swift */; };
		9B294196267A6C760008F69F /* TokenData.swift in Sources */ = {isa = PBXBuildFile; fileRef = 9B294195267A6C760008F69F /* TokenData.swift */; };
		9B40CFA52660C34B00221ED4 /* GameCollectionCell.swift in Sources */ = {isa = PBXBuildFile; fileRef = 9B40CFA32660C34B00221ED4 /* GameCollectionCell.swift */; };
		9B40CFA62660C34B00221ED4 /* GameCollectionCell.xib in Resources */ = {isa = PBXBuildFile; fileRef = 9B40CFA42660C34B00221ED4 /* GameCollectionCell.xib */; };
		9B40CFA92660CEDC00221ED4 /* FilterCell.swift in Sources */ = {isa = PBXBuildFile; fileRef = 9B40CFA82660CEDC00221ED4 /* FilterCell.swift */; };
		9B40CFB02660E56F00221ED4 /* Game.storyboard in Resources */ = {isa = PBXBuildFile; fileRef = 9B40CFAF2660E56F00221ED4 /* Game.storyboard */; };
		9B40CFB32660E57E00221ED4 /* GameVC.swift in Sources */ = {isa = PBXBuildFile; fileRef = 9B40CFB22660E57E00221ED4 /* GameVC.swift */; };
		9B40CFE42664D68900221ED4 /* GameManualVC.swift in Sources */ = {isa = PBXBuildFile; fileRef = 9B40CFE32664D68900221ED4 /* GameManualVC.swift */; };
		9B40CFE92664E6F200221ED4 /* GameTagCell.swift in Sources */ = {isa = PBXBuildFile; fileRef = 9B40CFE82664E6F200221ED4 /* GameTagCell.swift */; };
		9B41FA532643DD92002A3E13 /* AppDelegate.swift in Sources */ = {isa = PBXBuildFile; fileRef = 9B41FA522643DD92002A3E13 /* AppDelegate.swift */; };
		9B41FA552643DD92002A3E13 /* SceneDelegate.swift in Sources */ = {isa = PBXBuildFile; fileRef = 9B41FA542643DD92002A3E13 /* SceneDelegate.swift */; };
		9B41FA572643DD92002A3E13 /* MainVC.swift in Sources */ = {isa = PBXBuildFile; fileRef = 9B41FA562643DD92002A3E13 /* MainVC.swift */; };
		9B41FA5A2643DD92002A3E13 /* Main.storyboard in Resources */ = {isa = PBXBuildFile; fileRef = 9B41FA582643DD92002A3E13 /* Main.storyboard */; };
		9B41FA5C2643DD95002A3E13 /* Assets.xcassets in Resources */ = {isa = PBXBuildFile; fileRef = 9B41FA5B2643DD95002A3E13 /* Assets.xcassets */; };
		9B41FA5F2643DD95002A3E13 /* LaunchScreen.storyboard in Resources */ = {isa = PBXBuildFile; fileRef = 9B41FA5D2643DD95002A3E13 /* LaunchScreen.storyboard */; };
		9B41FA7A2643E138002A3E13 /* UIFont+Extension.swift in Sources */ = {isa = PBXBuildFile; fileRef = 9B41FA792643E138002A3E13 /* UIFont+Extension.swift */; };
		9B41FA812643ED31002A3E13 /* UIColor+Extension.swift in Sources */ = {isa = PBXBuildFile; fileRef = 9B41FA802643ED31002A3E13 /* UIColor+Extension.swift */; };
		9B41FA842643EE67002A3E13 /* UIView+Extension.swift in Sources */ = {isa = PBXBuildFile; fileRef = 9B41FA832643EE67002A3E13 /* UIView+Extension.swift */; };
		9B41FA8E2643EEEC002A3E13 /* UILabel+Extension.swift in Sources */ = {isa = PBXBuildFile; fileRef = 9B41FA8D2643EEEC002A3E13 /* UILabel+Extension.swift */; };
		9B41FA912644FC16002A3E13 /* UIButton+Extension.swift in Sources */ = {isa = PBXBuildFile; fileRef = 9B41FA902644FC16002A3E13 /* UIButton+Extension.swift */; };
		9B41FA9626467B96002A3E13 /* TrandingGameCell.swift in Sources */ = {isa = PBXBuildFile; fileRef = 9B41FA9526467B96002A3E13 /* TrandingGameCell.swift */; };
		9B41FA9926467FBC002A3E13 /* GameData.swift in Sources */ = {isa = PBXBuildFile; fileRef = 9B41FA9826467FBC002A3E13 /* GameData.swift */; };
		9B4ACDC5266B539F00381416 /* Login.storyboard in Resources */ = {isa = PBXBuildFile; fileRef = 9B4ACDC4266B539F00381416 /* Login.storyboard */; };
		9B4ACDC8266B53B100381416 /* LoginPopupVC.swift in Sources */ = {isa = PBXBuildFile; fileRef = 9B4ACDC7266B53B100381416 /* LoginPopupVC.swift */; };
		9B4ACDCB266B5ACB00381416 /* NickVC.swift in Sources */ = {isa = PBXBuildFile; fileRef = 9B4ACDCA266B5ACB00381416 /* NickVC.swift */; };
		9B4ACDD0266B688A00381416 /* NetworkResult.swift in Sources */ = {isa = PBXBuildFile; fileRef = 9B4ACDCF266B688A00381416 /* NetworkResult.swift */; };
		9B4ACDD7266B6A9400381416 /* APIService.swift in Sources */ = {isa = PBXBuildFile; fileRef = 9B4ACDD6266B6A9400381416 /* APIService.swift */; };
		9B4ACDDA266B6ADC00381416 /* GenericResponse.swift in Sources */ = {isa = PBXBuildFile; fileRef = 9B4ACDD9266B6ADC00381416 /* GenericResponse.swift */; };
		9B4ACDDD266B703100381416 /* SimpleData.swift in Sources */ = {isa = PBXBuildFile; fileRef = 9B4ACDDC266B703100381416 /* SimpleData.swift */; };
		9B4FFE3B267F355700797E96 /* MainNaviVC.swift in Sources */ = {isa = PBXBuildFile; fileRef = 9B4FFE3A267F355700797E96 /* MainNaviVC.swift */; };
		9B634A3D2680A4B8005ADCC3 /* SearchGameData.swift in Sources */ = {isa = PBXBuildFile; fileRef = 9B634A3C2680A4B8005ADCC3 /* SearchGameData.swift */; };
		9B634A442682352F005ADCC3 /* TabBar.storyboard in Resources */ = {isa = PBXBuildFile; fileRef = 9B634A432682352F005ADCC3 /* TabBar.storyboard */; };
		9B634A472682355E005ADCC3 /* TabBarVC.swift in Sources */ = {isa = PBXBuildFile; fileRef = 9B634A462682355E005ADCC3 /* TabBarVC.swift */; };
		9B652C5326AC3E9C00DC7931 /* ThemeDetailData.swift in Sources */ = {isa = PBXBuildFile; fileRef = 9B652C5226AC3E9C00DC7931 /* ThemeDetailData.swift */; };
		9B652C5826AC7DD600DC7931 /* GameCollectionData.swift in Sources */ = {isa = PBXBuildFile; fileRef = 9B652C5726AC7DD600DC7931 /* GameCollectionData.swift */; };
		9B652C5B26AD264800DC7931 /* UIViewController+Extension.swift in Sources */ = {isa = PBXBuildFile; fileRef = 9B652C5A26AD264800DC7931 /* UIViewController+Extension.swift */; };
		9B7F182E2666277B00BD29CC /* GameDetailData.swift in Sources */ = {isa = PBXBuildFile; fileRef = 9B7F182D2666277B00BD29CC /* GameDetailData.swift */; };
		9B7F18332668AF7400BD29CC /* SimilarGameCell.swift in Sources */ = {isa = PBXBuildFile; fileRef = 9B7F18322668AF7400BD29CC /* SimilarGameCell.swift */; };
		9B7F18362668C88800BD29CC /* GameReviewVC.swift in Sources */ = {isa = PBXBuildFile; fileRef = 9B7F18352668C88800BD29CC /* GameReviewVC.swift */; };
		9B7F18392668DE8E00BD29CC /* ReviewData.swift in Sources */ = {isa = PBXBuildFile; fileRef = 9B7F18382668DE8D00BD29CC /* ReviewData.swift */; };
		9B7F18482668F2A000BD29CC /* CollectionViewCenterLayout.swift in Sources */ = {isa = PBXBuildFile; fileRef = 9B7F18472668F2A000BD29CC /* CollectionViewCenterLayout.swift */; };
		9B7F184B2668F3F600BD29CC /* GameReviewCell.swift in Sources */ = {isa = PBXBuildFile; fileRef = 9B7F184A2668F3F600BD29CC /* GameReviewCell.swift */; };
		9B7F184E2668F8EF00BD29CC /* String+Extension.swift in Sources */ = {isa = PBXBuildFile; fileRef = 9B7F184D2668F8EF00BD29CC /* String+Extension.swift */; };
		9B8A38DA26BE4D0A005E7DD3 /* Modal.storyboard in Resources */ = {isa = PBXBuildFile; fileRef = 9B8A38D926BE4D0A005E7DD3 /* Modal.storyboard */; };
		9B8A38DF26BE4D24005E7DD3 /* PopUpVC.swift in Sources */ = {isa = PBXBuildFile; fileRef = 9B8A38DE26BE4D24005E7DD3 /* PopUpVC.swift */; };
		9B8A38E526BE54F8005E7DD3 /* KeywordFilterVC.swift in Sources */ = {isa = PBXBuildFile; fileRef = 9B8A38E426BE54F8005E7DD3 /* KeywordFilterVC.swift */; };
		9B8A38E926BE58E0005E7DD3 /* TimeFilterVC.swift in Sources */ = {isa = PBXBuildFile; fileRef = 9B8A38E826BE58E0005E7DD3 /* TimeFilterVC.swift */; };
		9B8A38EC26BE7D11005E7DD3 /* LevelFilterVC.swift in Sources */ = {isa = PBXBuildFile; fileRef = 9B8A38EB26BE7D11005E7DD3 /* LevelFilterVC.swift */; };
		9B8A38F126BE7DF7005E7DD3 /* LevelCell.swift in Sources */ = {isa = PBXBuildFile; fileRef = 9B8A38F026BE7DF7005E7DD3 /* LevelCell.swift */; };
		9B9C53C0264D083A00C6A01C /* SwipeListVC.swift in Sources */ = {isa = PBXBuildFile; fileRef = 9B9C53BF264D083A00C6A01C /* SwipeListVC.swift */; };
		9B9C53C8264D1DE900C6A01C /* MyReviewCell.swift in Sources */ = {isa = PBXBuildFile; fileRef = 9B9C53C7264D1DE900C6A01C /* MyReviewCell.swift */; };
		9B9C53CB264D23C900C6A01C /* MyReviewData.swift in Sources */ = {isa = PBXBuildFile; fileRef = 9B9C53CA264D23C900C6A01C /* MyReviewData.swift */; };
		9BA41E4226BEF36900A00BDA /* CountFilterVC.swift in Sources */ = {isa = PBXBuildFile; fileRef = 9BA41E4126BEF36900A00BDA /* CountFilterVC.swift */; };
		9BC8BEF526BC45040088C392 /* GameCollect.storyboard in Resources */ = {isa = PBXBuildFile; fileRef = 9BC8BEF426BC45040088C392 /* GameCollect.storyboard */; };
		9BC8BEF826BC458B0088C392 /* GameCollectionNaviVC.swift in Sources */ = {isa = PBXBuildFile; fileRef = 9BC8BEF726BC458B0088C392 /* GameCollectionNaviVC.swift */; };
		9BD72CD22671EA8900CE299C /* APITarget.swift in Sources */ = {isa = PBXBuildFile; fileRef = 9BD72CD12671EA8900CE299C /* APITarget.swift */; };
		9BE098C926490A01007D2BEC /* ThemeGameCell.swift in Sources */ = {isa = PBXBuildFile; fileRef = 9BE098C826490A01007D2BEC /* ThemeGameCell.swift */; };
		9BE098CC26490AB2007D2BEC /* ThemeData.swift in Sources */ = {isa = PBXBuildFile; fileRef = 9BE098CB26490AB2007D2BEC /* ThemeData.swift */; };
		9BE098D6264924D9007D2BEC /* Search.storyboard in Resources */ = {isa = PBXBuildFile; fileRef = 9BE098D5264924D9007D2BEC /* Search.storyboard */; };
		9BE098D926492562007D2BEC /* SearchVC.swift in Sources */ = {isa = PBXBuildFile; fileRef = 9BE098D826492562007D2BEC /* SearchVC.swift */; };
		9BE098E026498C52007D2BEC /* UITextField+Extension.swift in Sources */ = {isa = PBXBuildFile; fileRef = 9BE098DF26498C52007D2BEC /* UITextField+Extension.swift */; };
		9BE098E4264991C7007D2BEC /* KeywordVC.swift in Sources */ = {isa = PBXBuildFile; fileRef = 9BE098E3264991C7007D2BEC /* KeywordVC.swift */; };
		9BE098E7264995A6007D2BEC /* KeywordData.swift in Sources */ = {isa = PBXBuildFile; fileRef = 9BE098E6264995A6007D2BEC /* KeywordData.swift */; };
		9BE098EB264995DC007D2BEC /* RecentKeywordCell.swift in Sources */ = {isa = PBXBuildFile; fileRef = 9BE098EA264995DC007D2BEC /* RecentKeywordCell.swift */; };
		9BE098EF2649AE1A007D2BEC /* TopKeywordCell.swift in Sources */ = {isa = PBXBuildFile; fileRef = 9BE098EE2649AE19007D2BEC /* TopKeywordCell.swift */; };
		9BE098F22649B3E8007D2BEC /* LeftAlignFlowLayout.swift in Sources */ = {isa = PBXBuildFile; fileRef = 9BE098F12649B3E8007D2BEC /* LeftAlignFlowLayout.swift */; };
		9BE098F8264A4FD9007D2BEC /* SearchResultVC.swift in Sources */ = {isa = PBXBuildFile; fileRef = 9BE098F7264A4FD9007D2BEC /* SearchResultVC.swift */; };
		9BE098FB264A6AEB007D2BEC /* SearchResultData.swift in Sources */ = {isa = PBXBuildFile; fileRef = 9BE098FA264A6AEA007D2BEC /* SearchResultData.swift */; };
		9BE098FE264A6E8D007D2BEC /* SearchResultCell.swift in Sources */ = {isa = PBXBuildFile; fileRef = 9BE098FD264A6E8D007D2BEC /* SearchResultCell.swift */; };
		9BE09905264A8CBD007D2BEC /* Mypage.storyboard in Resources */ = {isa = PBXBuildFile; fileRef = 9BE09904264A8CBD007D2BEC /* Mypage.storyboard */; };
		9BE09915264AA448007D2BEC /* MypageVC.swift in Sources */ = {isa = PBXBuildFile; fileRef = 9BE09914264AA448007D2BEC /* MypageVC.swift */; };
		BDD02A23D6CC622A1D25CF31 /* Pods_boardpedia.framework in Frameworks */ = {isa = PBXBuildFile; fileRef = 0B2CAC76B5924D1F3B931027 /* Pods_boardpedia.framework */; };
		D25FC99326E0502D00F83D6A /* LogoutPopUpVC.swift in Sources */ = {isa = PBXBuildFile; fileRef = D25FC99226E0502D00F83D6A /* LogoutPopUpVC.swift */; };
		D2AF055C268EE0A900E71138 /* UserReviewListData.swift in Sources */ = {isa = PBXBuildFile; fileRef = D2AF055B268EE0A900E71138 /* UserReviewListData.swift */; };
		D2C1DA3126C21D5500A6EFDD /* ReviewAddVC.swift in Sources */ = {isa = PBXBuildFile; fileRef = D2C1DA3026C21D5500A6EFDD /* ReviewAddVC.swift */; };
		D2C1DA3326C2582200A6EFDD /* CompleteReviewData.swift in Sources */ = {isa = PBXBuildFile; fileRef = D2C1DA3226C2582200A6EFDD /* CompleteReviewData.swift */; };
		D2C1DA3526C266DE00A6EFDD /* MypageNaviVC.swift in Sources */ = {isa = PBXBuildFile; fileRef = D2C1DA3426C266DE00A6EFDD /* MypageNaviVC.swift */; };
		D2C1DA3A26C26D4000A6EFDD /* Setting.storyboard in Resources */ = {isa = PBXBuildFile; fileRef = D2C1DA3926C26D4000A6EFDD /* Setting.storyboard */; };
		D2C1DA3C26C26D5700A6EFDD /* SettingListVC.swift in Sources */ = {isa = PBXBuildFile; fileRef = D2C1DA3B26C26D5700A6EFDD /* SettingListVC.swift */; };
		D2C1DA4026C2732200A6EFDD /* SettingCell.swift in Sources */ = {isa = PBXBuildFile; fileRef = D2C1DA3E26C2732200A6EFDD /* SettingCell.swift */; };
		D2C1DA4126C2732200A6EFDD /* SettingCell.xib in Resources */ = {isa = PBXBuildFile; fileRef = D2C1DA3F26C2732200A6EFDD /* SettingCell.xib */; };
		D2C1DA4326C279BB00A6EFDD /* ProfileVC.swift in Sources */ = {isa = PBXBuildFile; fileRef = D2C1DA4226C279BB00A6EFDD /* ProfileVC.swift */; };
		D2C1DA4626C3D0CE00A6EFDD /* NetworkErrorVC.swift in Sources */ = {isa = PBXBuildFile; fileRef = D2C1DA4526C3D0CE00A6EFDD /* NetworkErrorVC.swift */; };
		D2DB8AE426BCFF2500CBADA1 /* GameAddVC.swift in Sources */ = {isa = PBXBuildFile; fileRef = D2DB8AE326BCFF2500CBADA1 /* GameAddVC.swift */; };
/* End PBXBuildFile section */

/* Begin PBXFileReference section */
		0B2CAC76B5924D1F3B931027 /* Pods_boardpedia.framework */ = {isa = PBXFileReference; explicitFileType = wrapper.framework; includeInIndex = 0; path = Pods_boardpedia.framework; sourceTree = BUILT_PRODUCTS_DIR; };
		21D81D051F43E6C38C6ECFDE /* Pods-boardpedia.debug.xcconfig */ = {isa = PBXFileReference; includeInIndex = 1; lastKnownFileType = text.xcconfig; name = "Pods-boardpedia.debug.xcconfig"; path = "Target Support Files/Pods-boardpedia/Pods-boardpedia.debug.xcconfig"; sourceTree = "<group>"; };
		9B09110B265BEEBA00FB5928 /* ThemeVC.swift */ = {isa = PBXFileReference; lastKnownFileType = sourcecode.swift; path = ThemeVC.swift; sourceTree = "<group>"; };
		9B09110E265BEEF500FB5928 /* ThemeCollectionReusableView.swift */ = {isa = PBXFileReference; lastKnownFileType = sourcecode.swift; path = ThemeCollectionReusableView.swift; sourceTree = "<group>"; };
		9B091111265BF13F00FB5928 /* ThemeCollectionViewFlowLayout.swift */ = {isa = PBXFileReference; lastKnownFileType = sourcecode.swift; path = ThemeCollectionViewFlowLayout.swift; sourceTree = "<group>"; };
		9B09111B265BFB2600FB5928 /* ThemeKeywordCell.swift */ = {isa = PBXFileReference; lastKnownFileType = sourcecode.swift; path = ThemeKeywordCell.swift; sourceTree = "<group>"; };
		9B09111E265C05F100FB5928 /* ThemeGameListCell.swift */ = {isa = PBXFileReference; lastKnownFileType = sourcecode.swift; path = ThemeGameListCell.swift; sourceTree = "<group>"; };
		9B09112A265FC14500FB5928 /* GameCollectVC.swift */ = {isa = PBXFileReference; lastKnownFileType = sourcecode.swift; path = GameCollectVC.swift; sourceTree = "<group>"; };
		9B140E7D268B4EE6003421F2 /* UserData.swift */ = {isa = PBXFileReference; lastKnownFileType = sourcecode.swift; path = UserData.swift; sourceTree = "<group>"; };
		9B140E82268B5C06003421F2 /* UserSaveListData.swift */ = {isa = PBXFileReference; lastKnownFileType = sourcecode.swift; path = UserSaveListData.swift; sourceTree = "<group>"; };
		9B162C43264AD75A00219529 /* MySaveListVC.swift */ = {isa = PBXFileReference; lastKnownFileType = sourcecode.swift; path = MySaveListVC.swift; sourceTree = "<group>"; };
		9B162C48264AD79700219529 /* MySaveListCell.swift */ = {isa = PBXFileReference; lastKnownFileType = sourcecode.swift; path = MySaveListCell.swift; sourceTree = "<group>"; };
		9B162C4B264ADC7600219529 /* MyReviewListVC.swift */ = {isa = PBXFileReference; lastKnownFileType = sourcecode.swift; path = MyReviewListVC.swift; sourceTree = "<group>"; };
		9B29417F267904120008F69F /* TrendingGame.swift */ = {isa = PBXFileReference; lastKnownFileType = sourcecode.swift; path = TrendingGame.swift; sourceTree = "<group>"; };
		9B2941872679CACB0008F69F /* UIImageView+Extension.swift */ = {isa = PBXFileReference; lastKnownFileType = sourcecode.swift; path = "UIImageView+Extension.swift"; sourceTree = "<group>"; };
		9B29418B267A48640008F69F /* Splash.storyboard */ = {isa = PBXFileReference; lastKnownFileType = file.storyboard; path = Splash.storyboard; sourceTree = "<group>"; };
		9B294192267A4A420008F69F /* SplashVC.swift */ = {isa = PBXFileReference; lastKnownFileType = sourcecode.swift; path = SplashVC.swift; sourceTree = "<group>"; };
		9B294195267A6C760008F69F /* TokenData.swift */ = {isa = PBXFileReference; lastKnownFileType = sourcecode.swift; path = TokenData.swift; sourceTree = "<group>"; };
		9B40CFA32660C34B00221ED4 /* GameCollectionCell.swift */ = {isa = PBXFileReference; lastKnownFileType = sourcecode.swift; path = GameCollectionCell.swift; sourceTree = "<group>"; };
		9B40CFA42660C34B00221ED4 /* GameCollectionCell.xib */ = {isa = PBXFileReference; lastKnownFileType = file.xib; path = GameCollectionCell.xib; sourceTree = "<group>"; };
		9B40CFA82660CEDC00221ED4 /* FilterCell.swift */ = {isa = PBXFileReference; lastKnownFileType = sourcecode.swift; path = FilterCell.swift; sourceTree = "<group>"; };
		9B40CFAF2660E56F00221ED4 /* Game.storyboard */ = {isa = PBXFileReference; lastKnownFileType = file.storyboard; path = Game.storyboard; sourceTree = "<group>"; };
		9B40CFB22660E57E00221ED4 /* GameVC.swift */ = {isa = PBXFileReference; lastKnownFileType = sourcecode.swift; path = GameVC.swift; sourceTree = "<group>"; };
		9B40CFE32664D68900221ED4 /* GameManualVC.swift */ = {isa = PBXFileReference; lastKnownFileType = sourcecode.swift; path = GameManualVC.swift; sourceTree = "<group>"; };
		9B40CFE82664E6F200221ED4 /* GameTagCell.swift */ = {isa = PBXFileReference; lastKnownFileType = sourcecode.swift; path = GameTagCell.swift; sourceTree = "<group>"; };
		9B41FA4F2643DD92002A3E13 /* boardpedia.app */ = {isa = PBXFileReference; explicitFileType = wrapper.application; includeInIndex = 0; path = boardpedia.app; sourceTree = BUILT_PRODUCTS_DIR; };
		9B41FA522643DD92002A3E13 /* AppDelegate.swift */ = {isa = PBXFileReference; lastKnownFileType = sourcecode.swift; path = AppDelegate.swift; sourceTree = "<group>"; };
		9B41FA542643DD92002A3E13 /* SceneDelegate.swift */ = {isa = PBXFileReference; lastKnownFileType = sourcecode.swift; path = SceneDelegate.swift; sourceTree = "<group>"; };
		9B41FA562643DD92002A3E13 /* MainVC.swift */ = {isa = PBXFileReference; lastKnownFileType = sourcecode.swift; path = MainVC.swift; sourceTree = "<group>"; };
		9B41FA592643DD92002A3E13 /* Base */ = {isa = PBXFileReference; lastKnownFileType = file.storyboard; name = Base; path = Base.lproj/Main.storyboard; sourceTree = "<group>"; };
		9B41FA5B2643DD95002A3E13 /* Assets.xcassets */ = {isa = PBXFileReference; lastKnownFileType = folder.assetcatalog; path = Assets.xcassets; sourceTree = "<group>"; };
		9B41FA5E2643DD95002A3E13 /* Base */ = {isa = PBXFileReference; lastKnownFileType = file.storyboard; name = Base; path = Base.lproj/LaunchScreen.storyboard; sourceTree = "<group>"; };
		9B41FA602643DD95002A3E13 /* Info.plist */ = {isa = PBXFileReference; lastKnownFileType = text.plist.xml; path = Info.plist; sourceTree = "<group>"; };
		9B41FA792643E138002A3E13 /* UIFont+Extension.swift */ = {isa = PBXFileReference; lastKnownFileType = sourcecode.swift; path = "UIFont+Extension.swift"; sourceTree = "<group>"; };
		9B41FA802643ED31002A3E13 /* UIColor+Extension.swift */ = {isa = PBXFileReference; lastKnownFileType = sourcecode.swift; path = "UIColor+Extension.swift"; sourceTree = "<group>"; };
		9B41FA832643EE67002A3E13 /* UIView+Extension.swift */ = {isa = PBXFileReference; lastKnownFileType = sourcecode.swift; path = "UIView+Extension.swift"; sourceTree = "<group>"; };
		9B41FA8D2643EEEC002A3E13 /* UILabel+Extension.swift */ = {isa = PBXFileReference; lastKnownFileType = sourcecode.swift; path = "UILabel+Extension.swift"; sourceTree = "<group>"; };
		9B41FA902644FC16002A3E13 /* UIButton+Extension.swift */ = {isa = PBXFileReference; lastKnownFileType = sourcecode.swift; path = "UIButton+Extension.swift"; sourceTree = "<group>"; };
		9B41FA9526467B96002A3E13 /* TrandingGameCell.swift */ = {isa = PBXFileReference; lastKnownFileType = sourcecode.swift; path = TrandingGameCell.swift; sourceTree = "<group>"; };
		9B41FA9826467FBC002A3E13 /* GameData.swift */ = {isa = PBXFileReference; lastKnownFileType = sourcecode.swift; path = GameData.swift; sourceTree = "<group>"; };
		9B4ACDC4266B539F00381416 /* Login.storyboard */ = {isa = PBXFileReference; lastKnownFileType = file.storyboard; path = Login.storyboard; sourceTree = "<group>"; };
		9B4ACDC7266B53B100381416 /* LoginPopupVC.swift */ = {isa = PBXFileReference; lastKnownFileType = sourcecode.swift; path = LoginPopupVC.swift; sourceTree = "<group>"; };
		9B4ACDCA266B5ACB00381416 /* NickVC.swift */ = {isa = PBXFileReference; lastKnownFileType = sourcecode.swift; path = NickVC.swift; sourceTree = "<group>"; };
		9B4ACDCF266B688A00381416 /* NetworkResult.swift */ = {isa = PBXFileReference; lastKnownFileType = sourcecode.swift; path = NetworkResult.swift; sourceTree = "<group>"; };
		9B4ACDD6266B6A9400381416 /* APIService.swift */ = {isa = PBXFileReference; lastKnownFileType = sourcecode.swift; path = APIService.swift; sourceTree = "<group>"; };
		9B4ACDD9266B6ADC00381416 /* GenericResponse.swift */ = {isa = PBXFileReference; lastKnownFileType = sourcecode.swift; path = GenericResponse.swift; sourceTree = "<group>"; };
		9B4ACDDC266B703100381416 /* SimpleData.swift */ = {isa = PBXFileReference; lastKnownFileType = sourcecode.swift; path = SimpleData.swift; sourceTree = "<group>"; };
		9B4FFE3A267F355700797E96 /* MainNaviVC.swift */ = {isa = PBXFileReference; lastKnownFileType = sourcecode.swift; path = MainNaviVC.swift; sourceTree = "<group>"; };
		9B634A3C2680A4B8005ADCC3 /* SearchGameData.swift */ = {isa = PBXFileReference; lastKnownFileType = sourcecode.swift; path = SearchGameData.swift; sourceTree = "<group>"; };
		9B634A432682352F005ADCC3 /* TabBar.storyboard */ = {isa = PBXFileReference; lastKnownFileType = file.storyboard; path = TabBar.storyboard; sourceTree = "<group>"; };
		9B634A462682355E005ADCC3 /* TabBarVC.swift */ = {isa = PBXFileReference; lastKnownFileType = sourcecode.swift; path = TabBarVC.swift; sourceTree = "<group>"; };
		9B652C5226AC3E9C00DC7931 /* ThemeDetailData.swift */ = {isa = PBXFileReference; lastKnownFileType = sourcecode.swift; path = ThemeDetailData.swift; sourceTree = "<group>"; };
		9B652C5726AC7DD600DC7931 /* GameCollectionData.swift */ = {isa = PBXFileReference; lastKnownFileType = sourcecode.swift; path = GameCollectionData.swift; sourceTree = "<group>"; };
		9B652C5A26AD264800DC7931 /* UIViewController+Extension.swift */ = {isa = PBXFileReference; lastKnownFileType = sourcecode.swift; path = "UIViewController+Extension.swift"; sourceTree = "<group>"; };
		9B7F182D2666277B00BD29CC /* GameDetailData.swift */ = {isa = PBXFileReference; lastKnownFileType = sourcecode.swift; path = GameDetailData.swift; sourceTree = "<group>"; };
		9B7F18322668AF7400BD29CC /* SimilarGameCell.swift */ = {isa = PBXFileReference; lastKnownFileType = sourcecode.swift; path = SimilarGameCell.swift; sourceTree = "<group>"; };
		9B7F18352668C88800BD29CC /* GameReviewVC.swift */ = {isa = PBXFileReference; lastKnownFileType = sourcecode.swift; path = GameReviewVC.swift; sourceTree = "<group>"; };
		9B7F18382668DE8D00BD29CC /* ReviewData.swift */ = {isa = PBXFileReference; lastKnownFileType = sourcecode.swift; path = ReviewData.swift; sourceTree = "<group>"; };
		9B7F18472668F2A000BD29CC /* CollectionViewCenterLayout.swift */ = {isa = PBXFileReference; lastKnownFileType = sourcecode.swift; path = CollectionViewCenterLayout.swift; sourceTree = "<group>"; };
		9B7F184A2668F3F600BD29CC /* GameReviewCell.swift */ = {isa = PBXFileReference; lastKnownFileType = sourcecode.swift; path = GameReviewCell.swift; sourceTree = "<group>"; };
		9B7F184D2668F8EF00BD29CC /* String+Extension.swift */ = {isa = PBXFileReference; lastKnownFileType = sourcecode.swift; path = "String+Extension.swift"; sourceTree = "<group>"; };
		9B8A38D926BE4D0A005E7DD3 /* Modal.storyboard */ = {isa = PBXFileReference; lastKnownFileType = file.storyboard; path = Modal.storyboard; sourceTree = "<group>"; };
		9B8A38DE26BE4D24005E7DD3 /* PopUpVC.swift */ = {isa = PBXFileReference; lastKnownFileType = sourcecode.swift; path = PopUpVC.swift; sourceTree = "<group>"; };
		9B8A38E426BE54F8005E7DD3 /* KeywordFilterVC.swift */ = {isa = PBXFileReference; lastKnownFileType = sourcecode.swift; path = KeywordFilterVC.swift; sourceTree = "<group>"; };
		9B8A38E826BE58E0005E7DD3 /* TimeFilterVC.swift */ = {isa = PBXFileReference; lastKnownFileType = sourcecode.swift; path = TimeFilterVC.swift; sourceTree = "<group>"; };
		9B8A38EB26BE7D11005E7DD3 /* LevelFilterVC.swift */ = {isa = PBXFileReference; lastKnownFileType = sourcecode.swift; path = LevelFilterVC.swift; sourceTree = "<group>"; };
		9B8A38F026BE7DF7005E7DD3 /* LevelCell.swift */ = {isa = PBXFileReference; lastKnownFileType = sourcecode.swift; path = LevelCell.swift; sourceTree = "<group>"; };
		9B9C53BF264D083A00C6A01C /* SwipeListVC.swift */ = {isa = PBXFileReference; lastKnownFileType = sourcecode.swift; path = SwipeListVC.swift; sourceTree = "<group>"; };
		9B9C53C7264D1DE900C6A01C /* MyReviewCell.swift */ = {isa = PBXFileReference; lastKnownFileType = sourcecode.swift; path = MyReviewCell.swift; sourceTree = "<group>"; };
		9B9C53CA264D23C900C6A01C /* MyReviewData.swift */ = {isa = PBXFileReference; lastKnownFileType = sourcecode.swift; path = MyReviewData.swift; sourceTree = "<group>"; };
		9BA41E4126BEF36900A00BDA /* CountFilterVC.swift */ = {isa = PBXFileReference; lastKnownFileType = sourcecode.swift; path = CountFilterVC.swift; sourceTree = "<group>"; };
		9BC8BEF426BC45040088C392 /* GameCollect.storyboard */ = {isa = PBXFileReference; fileEncoding = 4; lastKnownFileType = file.storyboard; path = GameCollect.storyboard; sourceTree = "<group>"; };
		9BC8BEF726BC458B0088C392 /* GameCollectionNaviVC.swift */ = {isa = PBXFileReference; lastKnownFileType = sourcecode.swift; path = GameCollectionNaviVC.swift; sourceTree = "<group>"; };
		9BD72CD12671EA8900CE299C /* APITarget.swift */ = {isa = PBXFileReference; lastKnownFileType = sourcecode.swift; path = APITarget.swift; sourceTree = "<group>"; };
		9BE098C826490A01007D2BEC /* ThemeGameCell.swift */ = {isa = PBXFileReference; lastKnownFileType = sourcecode.swift; path = ThemeGameCell.swift; sourceTree = "<group>"; };
		9BE098CB26490AB2007D2BEC /* ThemeData.swift */ = {isa = PBXFileReference; lastKnownFileType = sourcecode.swift; path = ThemeData.swift; sourceTree = "<group>"; };
		9BE098D5264924D9007D2BEC /* Search.storyboard */ = {isa = PBXFileReference; lastKnownFileType = file.storyboard; path = Search.storyboard; sourceTree = "<group>"; };
		9BE098D826492562007D2BEC /* SearchVC.swift */ = {isa = PBXFileReference; lastKnownFileType = sourcecode.swift; path = SearchVC.swift; sourceTree = "<group>"; };
		9BE098DF26498C52007D2BEC /* UITextField+Extension.swift */ = {isa = PBXFileReference; lastKnownFileType = sourcecode.swift; path = "UITextField+Extension.swift"; sourceTree = "<group>"; };
		9BE098E3264991C7007D2BEC /* KeywordVC.swift */ = {isa = PBXFileReference; lastKnownFileType = sourcecode.swift; path = KeywordVC.swift; sourceTree = "<group>"; };
		9BE098E6264995A6007D2BEC /* KeywordData.swift */ = {isa = PBXFileReference; lastKnownFileType = sourcecode.swift; path = KeywordData.swift; sourceTree = "<group>"; };
		9BE098EA264995DC007D2BEC /* RecentKeywordCell.swift */ = {isa = PBXFileReference; lastKnownFileType = sourcecode.swift; path = RecentKeywordCell.swift; sourceTree = "<group>"; };
		9BE098EE2649AE19007D2BEC /* TopKeywordCell.swift */ = {isa = PBXFileReference; lastKnownFileType = sourcecode.swift; path = TopKeywordCell.swift; sourceTree = "<group>"; };
		9BE098F12649B3E8007D2BEC /* LeftAlignFlowLayout.swift */ = {isa = PBXFileReference; lastKnownFileType = sourcecode.swift; path = LeftAlignFlowLayout.swift; sourceTree = "<group>"; };
		9BE098F7264A4FD9007D2BEC /* SearchResultVC.swift */ = {isa = PBXFileReference; lastKnownFileType = sourcecode.swift; path = SearchResultVC.swift; sourceTree = "<group>"; };
		9BE098FA264A6AEA007D2BEC /* SearchResultData.swift */ = {isa = PBXFileReference; lastKnownFileType = sourcecode.swift; path = SearchResultData.swift; sourceTree = "<group>"; };
		9BE098FD264A6E8D007D2BEC /* SearchResultCell.swift */ = {isa = PBXFileReference; lastKnownFileType = sourcecode.swift; path = SearchResultCell.swift; sourceTree = "<group>"; };
		9BE09904264A8CBD007D2BEC /* Mypage.storyboard */ = {isa = PBXFileReference; lastKnownFileType = file.storyboard; path = Mypage.storyboard; sourceTree = "<group>"; };
		9BE09914264AA448007D2BEC /* MypageVC.swift */ = {isa = PBXFileReference; lastKnownFileType = sourcecode.swift; path = MypageVC.swift; sourceTree = "<group>"; };
		CB9E0B65FC09D0A7A1A87040 /* Pods-boardpedia.release.xcconfig */ = {isa = PBXFileReference; includeInIndex = 1; lastKnownFileType = text.xcconfig; name = "Pods-boardpedia.release.xcconfig"; path = "Target Support Files/Pods-boardpedia/Pods-boardpedia.release.xcconfig"; sourceTree = "<group>"; };
		D25FC99226E0502D00F83D6A /* LogoutPopUpVC.swift */ = {isa = PBXFileReference; lastKnownFileType = sourcecode.swift; path = LogoutPopUpVC.swift; sourceTree = "<group>"; };
		D2AF055B268EE0A900E71138 /* UserReviewListData.swift */ = {isa = PBXFileReference; lastKnownFileType = sourcecode.swift; path = UserReviewListData.swift; sourceTree = "<group>"; };
		D2C1DA3026C21D5500A6EFDD /* ReviewAddVC.swift */ = {isa = PBXFileReference; lastKnownFileType = sourcecode.swift; path = ReviewAddVC.swift; sourceTree = "<group>"; };
		D2C1DA3226C2582200A6EFDD /* CompleteReviewData.swift */ = {isa = PBXFileReference; lastKnownFileType = sourcecode.swift; path = CompleteReviewData.swift; sourceTree = "<group>"; };
		D2C1DA3426C266DE00A6EFDD /* MypageNaviVC.swift */ = {isa = PBXFileReference; lastKnownFileType = sourcecode.swift; path = MypageNaviVC.swift; sourceTree = "<group>"; };
		D2C1DA3926C26D4000A6EFDD /* Setting.storyboard */ = {isa = PBXFileReference; lastKnownFileType = file.storyboard; path = Setting.storyboard; sourceTree = "<group>"; };
		D2C1DA3B26C26D5700A6EFDD /* SettingListVC.swift */ = {isa = PBXFileReference; lastKnownFileType = sourcecode.swift; path = SettingListVC.swift; sourceTree = "<group>"; };
		D2C1DA3E26C2732200A6EFDD /* SettingCell.swift */ = {isa = PBXFileReference; lastKnownFileType = sourcecode.swift; path = SettingCell.swift; sourceTree = "<group>"; };
		D2C1DA3F26C2732200A6EFDD /* SettingCell.xib */ = {isa = PBXFileReference; lastKnownFileType = file.xib; path = SettingCell.xib; sourceTree = "<group>"; };
		D2C1DA4226C279BB00A6EFDD /* ProfileVC.swift */ = {isa = PBXFileReference; lastKnownFileType = sourcecode.swift; path = ProfileVC.swift; sourceTree = "<group>"; };
		D2C1DA4526C3D0CE00A6EFDD /* NetworkErrorVC.swift */ = {isa = PBXFileReference; lastKnownFileType = sourcecode.swift; path = NetworkErrorVC.swift; sourceTree = "<group>"; };
		D2C6DE1426CD07A500268F71 /* boardpedia.entitlements */ = {isa = PBXFileReference; lastKnownFileType = text.plist.entitlements; path = boardpedia.entitlements; sourceTree = "<group>"; };
		D2DB8AE326BCFF2500CBADA1 /* GameAddVC.swift */ = {isa = PBXFileReference; lastKnownFileType = sourcecode.swift; path = GameAddVC.swift; sourceTree = "<group>"; };
/* End PBXFileReference section */

/* Begin PBXFrameworksBuildPhase section */
		9B41FA4C2643DD92002A3E13 /* Frameworks */ = {
			isa = PBXFrameworksBuildPhase;
			buildActionMask = 2147483647;
			files = (
				BDD02A23D6CC622A1D25CF31 /* Pods_boardpedia.framework in Frameworks */,
			);
			runOnlyForDeploymentPostprocessing = 0;
		};
/* End PBXFrameworksBuildPhase section */

/* Begin PBXGroup section */
		93CC178009DD5EA7EFC703BB /* Frameworks */ = {
			isa = PBXGroup;
			children = (
				0B2CAC76B5924D1F3B931027 /* Pods_boardpedia.framework */,
			);
			name = Frameworks;
			sourceTree = "<group>";
		};
		9B091123265FC0FD00FB5928 /* Collect */ = {
			isa = PBXGroup;
			children = (
				9B091126265FC11200FB5928 /* Cell */,
				9B091125265FC10600FB5928 /* Storyboard */,
				9B091124265FC10300FB5928 /* VC */,
			);
			path = Collect;
			sourceTree = "<group>";
		};
		9B091124265FC10300FB5928 /* VC */ = {
			isa = PBXGroup;
			children = (
				9B09112A265FC14500FB5928 /* GameCollectVC.swift */,
				9BC8BEF726BC458B0088C392 /* GameCollectionNaviVC.swift */,
			);
			path = VC;
			sourceTree = "<group>";
		};
		9B091125265FC10600FB5928 /* Storyboard */ = {
			isa = PBXGroup;
			children = (
				9BC8BEF426BC45040088C392 /* GameCollect.storyboard */,
			);
			path = Storyboard;
			sourceTree = "<group>";
		};
		9B091126265FC11200FB5928 /* Cell */ = {
			isa = PBXGroup;
			children = (
				9B40CFA32660C34B00221ED4 /* GameCollectionCell.swift */,
				9B40CFA42660C34B00221ED4 /* GameCollectionCell.xib */,
				9B40CFA82660CEDC00221ED4 /* FilterCell.swift */,
			);
			path = Cell;
			sourceTree = "<group>";
		};
		9B162C46264AD77600219529 /* Cell */ = {
			isa = PBXGroup;
			children = (
				9B162C48264AD79700219529 /* MySaveListCell.swift */,
				9B9C53C7264D1DE900C6A01C /* MyReviewCell.swift */,
			);
			path = Cell;
			sourceTree = "<group>";
		};
		9B29418A267A48550008F69F /* Splash */ = {
			isa = PBXGroup;
			children = (
				9B29418B267A48640008F69F /* Splash.storyboard */,
				9B294192267A4A420008F69F /* SplashVC.swift */,
			);
			path = Splash;
			sourceTree = "<group>";
		};
		9B40CFAC2660E54E00221ED4 /* Game */ = {
			isa = PBXGroup;
			children = (
				9B40CFE62664E6D900221ED4 /* Cell */,
				9B40CFAE2660E55E00221ED4 /* VC */,
				9B40CFAD2660E55600221ED4 /* Storyboard */,
			);
			path = Game;
			sourceTree = "<group>";
		};
		9B40CFAD2660E55600221ED4 /* Storyboard */ = {
			isa = PBXGroup;
			children = (
				9B40CFAF2660E56F00221ED4 /* Game.storyboard */,
			);
			path = Storyboard;
			sourceTree = "<group>";
		};
		9B40CFAE2660E55E00221ED4 /* VC */ = {
			isa = PBXGroup;
			children = (
				9B40CFB22660E57E00221ED4 /* GameVC.swift */,
				9B40CFE32664D68900221ED4 /* GameManualVC.swift */,
				9B7F18352668C88800BD29CC /* GameReviewVC.swift */,
				9B7F18472668F2A000BD29CC /* CollectionViewCenterLayout.swift */,
				D2DB8AE326BCFF2500CBADA1 /* GameAddVC.swift */,
				D2C1DA3026C21D5500A6EFDD /* ReviewAddVC.swift */,
			);
			path = VC;
			sourceTree = "<group>";
		};
		9B40CFE62664E6D900221ED4 /* Cell */ = {
			isa = PBXGroup;
			children = (
				9B40CFE82664E6F200221ED4 /* GameTagCell.swift */,
				9B7F18322668AF7400BD29CC /* SimilarGameCell.swift */,
				9B7F184A2668F3F600BD29CC /* GameReviewCell.swift */,
			);
			path = Cell;
			sourceTree = "<group>";
		};
		9B41FA462643DD92002A3E13 = {
			isa = PBXGroup;
			children = (
				9B41FA512643DD92002A3E13 /* boardpedia */,
				9B41FA502643DD92002A3E13 /* Products */,
				E2B62CFF7852D67A2556631C /* Pods */,
				93CC178009DD5EA7EFC703BB /* Frameworks */,
			);
			sourceTree = "<group>";
		};
		9B41FA502643DD92002A3E13 /* Products */ = {
			isa = PBXGroup;
			children = (
				9B41FA4F2643DD92002A3E13 /* boardpedia.app */,
			);
			name = Products;
			sourceTree = "<group>";
		};
		9B41FA512643DD92002A3E13 /* boardpedia */ = {
			isa = PBXGroup;
			children = (
				D2C6DE1426CD07A500268F71 /* boardpedia.entitlements */,
				9B41FA692643DF07002A3E13 /* Global */,
				9B41FA682643DF02002A3E13 /* Screen */,
				9B41FA672643DEFA002A3E13 /* Support */,
			);
			path = boardpedia;
			sourceTree = "<group>";
		};
		9B41FA672643DEFA002A3E13 /* Support */ = {
			isa = PBXGroup;
			children = (
				9B41FA602643DD95002A3E13 /* Info.plist */,
				9B41FA5B2643DD95002A3E13 /* Assets.xcassets */,
				9B41FA6B2643DF21002A3E13 /* Delegate */,
				9B41FA6A2643DF17002A3E13 /* Font */,
			);
			path = Support;
			sourceTree = "<group>";
		};
		9B41FA682643DF02002A3E13 /* Screen */ = {
			isa = PBXGroup;
			children = (
				D2C1DA3626C26D2800A6EFDD /* Setting */,
				9B8A38D826BE4CF9005E7DD3 /* Modal */,
				9B634A4026823512005ADCC3 /* TabBar */,
				9B29418A267A48550008F69F /* Splash */,
				9B4ACDC1266B538800381416 /* Login */,
				9B40CFAC2660E54E00221ED4 /* Game */,
				9B091123265FC0FD00FB5928 /* Collect */,
				9BE09901264A8CA1007D2BEC /* Mypage */,
				9BE098D2264924AF007D2BEC /* Search */,
				9B41FA712643DF68002A3E13 /* Main */,
			);
			path = Screen;
			sourceTree = "<group>";
		};
		9B41FA692643DF07002A3E13 /* Global */ = {
			isa = PBXGroup;
			children = (
				9B41FA702643DF4A002A3E13 /* Extension */,
				9B41FA6F2643DF45002A3E13 /* Service */,
				9B41FA6E2643DF41002A3E13 /* Model */,
			);
			path = Global;
			sourceTree = "<group>";
		};
		9B41FA6A2643DF17002A3E13 /* Font */ = {
			isa = PBXGroup;
			children = (
			);
			path = Font;
			sourceTree = "<group>";
		};
		9B41FA6B2643DF21002A3E13 /* Delegate */ = {
			isa = PBXGroup;
			children = (
				9B41FA5D2643DD95002A3E13 /* LaunchScreen.storyboard */,
				9B41FA522643DD92002A3E13 /* AppDelegate.swift */,
				9B41FA542643DD92002A3E13 /* SceneDelegate.swift */,
			);
			path = Delegate;
			sourceTree = "<group>";
		};
		9B41FA6E2643DF41002A3E13 /* Model */ = {
			isa = PBXGroup;
			children = (
				9B41FA9826467FBC002A3E13 /* GameData.swift */,
				9BE098CB26490AB2007D2BEC /* ThemeData.swift */,
				9B652C5226AC3E9C00DC7931 /* ThemeDetailData.swift */,
				9BE098E6264995A6007D2BEC /* KeywordData.swift */,
				9BE098FA264A6AEA007D2BEC /* SearchResultData.swift */,
				9B9C53CA264D23C900C6A01C /* MyReviewData.swift */,
				9B7F182D2666277B00BD29CC /* GameDetailData.swift */,
				9B7F18382668DE8D00BD29CC /* ReviewData.swift */,
				9B4ACDD9266B6ADC00381416 /* GenericResponse.swift */,
				9B4ACDDC266B703100381416 /* SimpleData.swift */,
				9B29417F267904120008F69F /* TrendingGame.swift */,
				9B294195267A6C760008F69F /* TokenData.swift */,
				9B634A3C2680A4B8005ADCC3 /* SearchGameData.swift */,
				9B140E7D268B4EE6003421F2 /* UserData.swift */,
				9B140E82268B5C06003421F2 /* UserSaveListData.swift */,
				D2AF055B268EE0A900E71138 /* UserReviewListData.swift */,
				9B652C5726AC7DD600DC7931 /* GameCollectionData.swift */,
				D2C1DA3226C2582200A6EFDD /* CompleteReviewData.swift */,
			);
			path = Model;
			sourceTree = "<group>";
		};
		9B41FA6F2643DF45002A3E13 /* Service */ = {
			isa = PBXGroup;
			children = (
				9B4ACDCF266B688A00381416 /* NetworkResult.swift */,
				9B4ACDD6266B6A9400381416 /* APIService.swift */,
				9BD72CD12671EA8900CE299C /* APITarget.swift */,
			);
			path = Service;
			sourceTree = "<group>";
		};
		9B41FA702643DF4A002A3E13 /* Extension */ = {
			isa = PBXGroup;
			children = (
				9B41FA792643E138002A3E13 /* UIFont+Extension.swift */,
				9B41FA802643ED31002A3E13 /* UIColor+Extension.swift */,
				9B41FA832643EE67002A3E13 /* UIView+Extension.swift */,
				9B41FA8D2643EEEC002A3E13 /* UILabel+Extension.swift */,
				9B41FA902644FC16002A3E13 /* UIButton+Extension.swift */,
				9BE098DF26498C52007D2BEC /* UITextField+Extension.swift */,
				9B7F184D2668F8EF00BD29CC /* String+Extension.swift */,
				9B2941872679CACB0008F69F /* UIImageView+Extension.swift */,
				9B652C5A26AD264800DC7931 /* UIViewController+Extension.swift */,
			);
			path = Extension;
			sourceTree = "<group>";
		};
		9B41FA712643DF68002A3E13 /* Main */ = {
			isa = PBXGroup;
			children = (
				9BE098C7264909EE007D2BEC /* Cell */,
				9B41FA732643DF72002A3E13 /* Storyboard */,
				9B41FA722643DF6F002A3E13 /* VC */,
			);
			path = Main;
			sourceTree = "<group>";
		};
		9B41FA722643DF6F002A3E13 /* VC */ = {
			isa = PBXGroup;
			children = (
				9B41FA562643DD92002A3E13 /* MainVC.swift */,
				9B09110B265BEEBA00FB5928 /* ThemeVC.swift */,
				9B4FFE3A267F355700797E96 /* MainNaviVC.swift */,
			);
			path = VC;
			sourceTree = "<group>";
		};
		9B41FA732643DF72002A3E13 /* Storyboard */ = {
			isa = PBXGroup;
			children = (
				9B41FA582643DD92002A3E13 /* Main.storyboard */,
			);
			path = Storyboard;
			sourceTree = "<group>";
		};
		9B4ACDC1266B538800381416 /* Login */ = {
			isa = PBXGroup;
			children = (
				9B4ACDC3266B539400381416 /* VC */,
				9B4ACDC2266B539000381416 /* Storyboard */,
			);
			path = Login;
			sourceTree = "<group>";
		};
		9B4ACDC2266B539000381416 /* Storyboard */ = {
			isa = PBXGroup;
			children = (
				9B4ACDC4266B539F00381416 /* Login.storyboard */,
			);
			path = Storyboard;
			sourceTree = "<group>";
		};
		9B4ACDC3266B539400381416 /* VC */ = {
			isa = PBXGroup;
			children = (
				9B4ACDC7266B53B100381416 /* LoginPopupVC.swift */,
				9B4ACDCA266B5ACB00381416 /* NickVC.swift */,
			);
			path = VC;
			sourceTree = "<group>";
		};
		9B634A4026823512005ADCC3 /* TabBar */ = {
			isa = PBXGroup;
			children = (
				9B634A4226823520005ADCC3 /* VC */,
				9B634A412682351A005ADCC3 /* Storyboard */,
			);
			path = TabBar;
			sourceTree = "<group>";
		};
		9B634A412682351A005ADCC3 /* Storyboard */ = {
			isa = PBXGroup;
			children = (
				9B634A432682352F005ADCC3 /* TabBar.storyboard */,
			);
			path = Storyboard;
			sourceTree = "<group>";
		};
		9B634A4226823520005ADCC3 /* VC */ = {
			isa = PBXGroup;
			children = (
				9B634A462682355E005ADCC3 /* TabBarVC.swift */,
			);
			path = VC;
			sourceTree = "<group>";
		};
		9B8A38D826BE4CF9005E7DD3 /* Modal */ = {
			isa = PBXGroup;
			children = (
				9B8A38EF26BE7DE5005E7DD3 /* Cell */,
				9B8A38DD26BE4D16005E7DD3 /* VC */,
				9B8A38DC26BE4D0D005E7DD3 /* Storyboard */,
			);
			path = Modal;
			sourceTree = "<group>";
		};
		9B8A38DC26BE4D0D005E7DD3 /* Storyboard */ = {
			isa = PBXGroup;
			children = (
				9B8A38D926BE4D0A005E7DD3 /* Modal.storyboard */,
			);
			path = Storyboard;
			sourceTree = "<group>";
		};
		9B8A38DD26BE4D16005E7DD3 /* VC */ = {
			isa = PBXGroup;
			children = (
				9B8A38DE26BE4D24005E7DD3 /* PopUpVC.swift */,
				9B8A38E426BE54F8005E7DD3 /* KeywordFilterVC.swift */,
				9B8A38E826BE58E0005E7DD3 /* TimeFilterVC.swift */,
				9B8A38EB26BE7D11005E7DD3 /* LevelFilterVC.swift */,
				9BA41E4126BEF36900A00BDA /* CountFilterVC.swift */,
				D2C1DA4526C3D0CE00A6EFDD /* NetworkErrorVC.swift */,
				D25FC99226E0502D00F83D6A /* LogoutPopUpVC.swift */,
			);
			path = VC;
			sourceTree = "<group>";
		};
		9B8A38EF26BE7DE5005E7DD3 /* Cell */ = {
			isa = PBXGroup;
			children = (
				9B8A38F026BE7DF7005E7DD3 /* LevelCell.swift */,
			);
			path = Cell;
			sourceTree = "<group>";
		};
		9BE098C7264909EE007D2BEC /* Cell */ = {
			isa = PBXGroup;
			children = (
				9B41FA9526467B96002A3E13 /* TrandingGameCell.swift */,
				9BE098C826490A01007D2BEC /* ThemeGameCell.swift */,
				9B09110E265BEEF500FB5928 /* ThemeCollectionReusableView.swift */,
				9B091111265BF13F00FB5928 /* ThemeCollectionViewFlowLayout.swift */,
				9B09111B265BFB2600FB5928 /* ThemeKeywordCell.swift */,
				9B09111E265C05F100FB5928 /* ThemeGameListCell.swift */,
			);
			path = Cell;
			sourceTree = "<group>";
		};
		9BE098D2264924AF007D2BEC /* Search */ = {
			isa = PBXGroup;
			children = (
				9BE098E9264995C3007D2BEC /* Cell */,
				9BE098D4264924B8007D2BEC /* Storyboard */,
				9BE098D3264924B5007D2BEC /* VC */,
			);
			path = Search;
			sourceTree = "<group>";
		};
		9BE098D3264924B5007D2BEC /* VC */ = {
			isa = PBXGroup;
			children = (
				9BE098D826492562007D2BEC /* SearchVC.swift */,
				9BE098E3264991C7007D2BEC /* KeywordVC.swift */,
				9BE098F12649B3E8007D2BEC /* LeftAlignFlowLayout.swift */,
				9BE098F7264A4FD9007D2BEC /* SearchResultVC.swift */,
			);
			path = VC;
			sourceTree = "<group>";
		};
		9BE098D4264924B8007D2BEC /* Storyboard */ = {
			isa = PBXGroup;
			children = (
				9BE098D5264924D9007D2BEC /* Search.storyboard */,
			);
			path = Storyboard;
			sourceTree = "<group>";
		};
		9BE098E9264995C3007D2BEC /* Cell */ = {
			isa = PBXGroup;
			children = (
				9BE098EA264995DC007D2BEC /* RecentKeywordCell.swift */,
				9BE098EE2649AE19007D2BEC /* TopKeywordCell.swift */,
				9BE098FD264A6E8D007D2BEC /* SearchResultCell.swift */,
			);
			path = Cell;
			sourceTree = "<group>";
		};
		9BE09901264A8CA1007D2BEC /* Mypage */ = {
			isa = PBXGroup;
			children = (
				9B162C46264AD77600219529 /* Cell */,
				9BE09903264A8CAD007D2BEC /* Storyboard */,
				9BE09902264A8CA9007D2BEC /* VC */,
			);
			path = Mypage;
			sourceTree = "<group>";
		};
		9BE09902264A8CA9007D2BEC /* VC */ = {
			isa = PBXGroup;
			children = (
				9BE09914264AA448007D2BEC /* MypageVC.swift */,
				9B162C43264AD75A00219529 /* MySaveListVC.swift */,
				9B162C4B264ADC7600219529 /* MyReviewListVC.swift */,
				9B9C53BF264D083A00C6A01C /* SwipeListVC.swift */,
				D2C1DA3426C266DE00A6EFDD /* MypageNaviVC.swift */,
			);
			path = VC;
			sourceTree = "<group>";
		};
		9BE09903264A8CAD007D2BEC /* Storyboard */ = {
			isa = PBXGroup;
			children = (
				9BE09904264A8CBD007D2BEC /* Mypage.storyboard */,
			);
			path = Storyboard;
			sourceTree = "<group>";
		};
		D2C1DA3626C26D2800A6EFDD /* Setting */ = {
			isa = PBXGroup;
			children = (
				D2C1DA3D26C272FB00A6EFDD /* Cell */,
				D2C1DA3826C26D3800A6EFDD /* VC */,
				D2C1DA3726C26D2E00A6EFDD /* Storyboard */,
			);
			path = Setting;
			sourceTree = "<group>";
		};
		D2C1DA3726C26D2E00A6EFDD /* Storyboard */ = {
			isa = PBXGroup;
			children = (
				D2C1DA3926C26D4000A6EFDD /* Setting.storyboard */,
			);
			path = Storyboard;
			sourceTree = "<group>";
		};
		D2C1DA3826C26D3800A6EFDD /* VC */ = {
			isa = PBXGroup;
			children = (
				D2C1DA3B26C26D5700A6EFDD /* SettingListVC.swift */,
				D2C1DA4226C279BB00A6EFDD /* ProfileVC.swift */,
			);
			path = VC;
			sourceTree = "<group>";
		};
		D2C1DA3D26C272FB00A6EFDD /* Cell */ = {
			isa = PBXGroup;
			children = (
				D2C1DA3E26C2732200A6EFDD /* SettingCell.swift */,
				D2C1DA3F26C2732200A6EFDD /* SettingCell.xib */,
			);
			path = Cell;
			sourceTree = "<group>";
		};
		E2B62CFF7852D67A2556631C /* Pods */ = {
			isa = PBXGroup;
			children = (
				21D81D051F43E6C38C6ECFDE /* Pods-boardpedia.debug.xcconfig */,
				CB9E0B65FC09D0A7A1A87040 /* Pods-boardpedia.release.xcconfig */,
			);
			path = Pods;
			sourceTree = "<group>";
		};
/* End PBXGroup section */

/* Begin PBXNativeTarget section */
		9B41FA4E2643DD92002A3E13 /* boardpedia */ = {
			isa = PBXNativeTarget;
			buildConfigurationList = 9B41FA632643DD95002A3E13 /* Build configuration list for PBXNativeTarget "boardpedia" */;
			buildPhases = (
				A505D93D1AE9FE513DE82783 /* [CP] Check Pods Manifest.lock */,
				9B41FA4B2643DD92002A3E13 /* Sources */,
				9B41FA4C2643DD92002A3E13 /* Frameworks */,
				9B41FA4D2643DD92002A3E13 /* Resources */,
				8C1B4CF77E1103F4076D4CC2 /* [CP] Embed Pods Frameworks */,
			);
			buildRules = (
			);
			dependencies = (
			);
			name = boardpedia;
			productName = boardpedia;
			productReference = 9B41FA4F2643DD92002A3E13 /* boardpedia.app */;
			productType = "com.apple.product-type.application";
		};
/* End PBXNativeTarget section */

/* Begin PBXProject section */
		9B41FA472643DD92002A3E13 /* Project object */ = {
			isa = PBXProject;
			attributes = {
				LastSwiftUpdateCheck = 1220;
				LastUpgradeCheck = 1220;
				TargetAttributes = {
					9B41FA4E2643DD92002A3E13 = {
						CreatedOnToolsVersion = 12.2;
					};
				};
			};
			buildConfigurationList = 9B41FA4A2643DD92002A3E13 /* Build configuration list for PBXProject "boardpedia" */;
			compatibilityVersion = "Xcode 9.3";
			developmentRegion = en;
			hasScannedForEncodings = 0;
			knownRegions = (
				en,
				Base,
			);
			mainGroup = 9B41FA462643DD92002A3E13;
			productRefGroup = 9B41FA502643DD92002A3E13 /* Products */;
			projectDirPath = "";
			projectRoot = "";
			targets = (
				9B41FA4E2643DD92002A3E13 /* boardpedia */,
			);
		};
/* End PBXProject section */

/* Begin PBXResourcesBuildPhase section */
		9B41FA4D2643DD92002A3E13 /* Resources */ = {
			isa = PBXResourcesBuildPhase;
			buildActionMask = 2147483647;
			files = (
				9B40CFB02660E56F00221ED4 /* Game.storyboard in Resources */,
				9B634A442682352F005ADCC3 /* TabBar.storyboard in Resources */,
				D2C1DA4126C2732200A6EFDD /* SettingCell.xib in Resources */,
				9BC8BEF526BC45040088C392 /* GameCollect.storyboard in Resources */,
				9B41FA5F2643DD95002A3E13 /* LaunchScreen.storyboard in Resources */,
				9B8A38DA26BE4D0A005E7DD3 /* Modal.storyboard in Resources */,
				9B41FA5C2643DD95002A3E13 /* Assets.xcassets in Resources */,
				9B29418C267A48640008F69F /* Splash.storyboard in Resources */,
				9B40CFA62660C34B00221ED4 /* GameCollectionCell.xib in Resources */,
				9BE09905264A8CBD007D2BEC /* Mypage.storyboard in Resources */,
				9BE098D6264924D9007D2BEC /* Search.storyboard in Resources */,
				9B41FA5A2643DD92002A3E13 /* Main.storyboard in Resources */,
				9B4ACDC5266B539F00381416 /* Login.storyboard in Resources */,
				D2C1DA3A26C26D4000A6EFDD /* Setting.storyboard in Resources */,
			);
			runOnlyForDeploymentPostprocessing = 0;
		};
/* End PBXResourcesBuildPhase section */

/* Begin PBXShellScriptBuildPhase section */
		8C1B4CF77E1103F4076D4CC2 /* [CP] Embed Pods Frameworks */ = {
			isa = PBXShellScriptBuildPhase;
			buildActionMask = 2147483647;
			files = (
			);
			inputFileListPaths = (
				"${PODS_ROOT}/Target Support Files/Pods-boardpedia/Pods-boardpedia-frameworks-${CONFIGURATION}-input-files.xcfilelist",
			);
			name = "[CP] Embed Pods Frameworks";
			outputFileListPaths = (
				"${PODS_ROOT}/Target Support Files/Pods-boardpedia/Pods-boardpedia-frameworks-${CONFIGURATION}-output-files.xcfilelist",
			);
			runOnlyForDeploymentPostprocessing = 0;
			shellPath = /bin/sh;
			shellScript = "\"${PODS_ROOT}/Target Support Files/Pods-boardpedia/Pods-boardpedia-frameworks.sh\"\n";
			showEnvVarsInLog = 0;
		};
		A505D93D1AE9FE513DE82783 /* [CP] Check Pods Manifest.lock */ = {
			isa = PBXShellScriptBuildPhase;
			buildActionMask = 2147483647;
			files = (
			);
			inputFileListPaths = (
			);
			inputPaths = (
				"${PODS_PODFILE_DIR_PATH}/Podfile.lock",
				"${PODS_ROOT}/Manifest.lock",
			);
			name = "[CP] Check Pods Manifest.lock";
			outputFileListPaths = (
			);
			outputPaths = (
				"$(DERIVED_FILE_DIR)/Pods-boardpedia-checkManifestLockResult.txt",
			);
			runOnlyForDeploymentPostprocessing = 0;
			shellPath = /bin/sh;
			shellScript = "diff \"${PODS_PODFILE_DIR_PATH}/Podfile.lock\" \"${PODS_ROOT}/Manifest.lock\" > /dev/null\nif [ $? != 0 ] ; then\n    # print error to STDERR\n    echo \"error: The sandbox is not in sync with the Podfile.lock. Run 'pod install' or update your CocoaPods installation.\" >&2\n    exit 1\nfi\n# This output is used by Xcode 'outputs' to avoid re-running this script phase.\necho \"SUCCESS\" > \"${SCRIPT_OUTPUT_FILE_0}\"\n";
			showEnvVarsInLog = 0;
		};
/* End PBXShellScriptBuildPhase section */

/* Begin PBXSourcesBuildPhase section */
		9B41FA4B2643DD92002A3E13 /* Sources */ = {
			isa = PBXSourcesBuildPhase;
			buildActionMask = 2147483647;
			files = (
				9B8A38F126BE7DF7005E7DD3 /* LevelCell.swift in Sources */,
				9B41FA842643EE67002A3E13 /* UIView+Extension.swift in Sources */,
				9B41FA9926467FBC002A3E13 /* GameData.swift in Sources */,
				9B2941882679CACB0008F69F /* UIImageView+Extension.swift in Sources */,
				9B8A38E926BE58E0005E7DD3 /* TimeFilterVC.swift in Sources */,
				9B41FA572643DD92002A3E13 /* MainVC.swift in Sources */,
				9B4ACDC8266B53B100381416 /* LoginPopupVC.swift in Sources */,
				9BE098CC26490AB2007D2BEC /* ThemeData.swift in Sources */,
				9B41FA532643DD92002A3E13 /* AppDelegate.swift in Sources */,
				9B634A472682355E005ADCC3 /* TabBarVC.swift in Sources */,
				D2C1DA3126C21D5500A6EFDD /* ReviewAddVC.swift in Sources */,
				9B41FA8E2643EEEC002A3E13 /* UILabel+Extension.swift in Sources */,
				9B4ACDDD266B703100381416 /* SimpleData.swift in Sources */,
				9B41FA7A2643E138002A3E13 /* UIFont+Extension.swift in Sources */,
				9B162C44264AD75A00219529 /* MySaveListVC.swift in Sources */,
				9B09111C265BFB2600FB5928 /* ThemeKeywordCell.swift in Sources */,
				9BE098FB264A6AEB007D2BEC /* SearchResultData.swift in Sources */,
				9BE098EF2649AE1A007D2BEC /* TopKeywordCell.swift in Sources */,
				9B294180267904120008F69F /* TrendingGame.swift in Sources */,
				9B4ACDDA266B6ADC00381416 /* GenericResponse.swift in Sources */,
				9B8A38EC26BE7D11005E7DD3 /* LevelFilterVC.swift in Sources */,
				9B09111F265C05F100FB5928 /* ThemeGameListCell.swift in Sources */,
				D2C1DA3C26C26D5700A6EFDD /* SettingListVC.swift in Sources */,
				9B162C4C264ADC7600219529 /* MyReviewListVC.swift in Sources */,
				9B652C5B26AD264800DC7931 /* UIViewController+Extension.swift in Sources */,
				9B41FA912644FC16002A3E13 /* UIButton+Extension.swift in Sources */,
				9B09110C265BEEBA00FB5928 /* ThemeVC.swift in Sources */,
				9B652C5826AC7DD600DC7931 /* GameCollectionData.swift in Sources */,
				9BE098F8264A4FD9007D2BEC /* SearchResultVC.swift in Sources */,
				9B7F184E2668F8EF00BD29CC /* String+Extension.swift in Sources */,
				9B7F18482668F2A000BD29CC /* CollectionViewCenterLayout.swift in Sources */,
				9B41FA552643DD92002A3E13 /* SceneDelegate.swift in Sources */,
				9B40CFE42664D68900221ED4 /* GameManualVC.swift in Sources */,
				D2AF055C268EE0A900E71138 /* UserReviewListData.swift in Sources */,
				9BD72CD22671EA8900CE299C /* APITarget.swift in Sources */,
				9B294193267A4A420008F69F /* SplashVC.swift in Sources */,
				D2C1DA3326C2582200A6EFDD /* CompleteReviewData.swift in Sources */,
				9B4ACDD0266B688A00381416 /* NetworkResult.swift in Sources */,
				9B652C5326AC3E9C00DC7931 /* ThemeDetailData.swift in Sources */,
				D25FC99326E0502D00F83D6A /* LogoutPopUpVC.swift in Sources */,
				9B4FFE3B267F355700797E96 /* MainNaviVC.swift in Sources */,
				9BE098E026498C52007D2BEC /* UITextField+Extension.swift in Sources */,
				9BE098C926490A01007D2BEC /* ThemeGameCell.swift in Sources */,
				9BE098EB264995DC007D2BEC /* RecentKeywordCell.swift in Sources */,
				9B9C53C8264D1DE900C6A01C /* MyReviewCell.swift in Sources */,
				D2C1DA4626C3D0CE00A6EFDD /* NetworkErrorVC.swift in Sources */,
				D2C1DA3526C266DE00A6EFDD /* MypageNaviVC.swift in Sources */,
				9B634A3D2680A4B8005ADCC3 /* SearchGameData.swift in Sources */,
				9B40CFA92660CEDC00221ED4 /* FilterCell.swift in Sources */,
				9B7F18392668DE8E00BD29CC /* ReviewData.swift in Sources */,
				9B8A38E526BE54F8005E7DD3 /* KeywordFilterVC.swift in Sources */,
				9BE098E7264995A6007D2BEC /* KeywordData.swift in Sources */,
				9BE098D926492562007D2BEC /* SearchVC.swift in Sources */,
				9BE09915264AA448007D2BEC /* MypageVC.swift in Sources */,
				9B7F18362668C88800BD29CC /* GameReviewVC.swift in Sources */,
				9BA41E4226BEF36900A00BDA /* CountFilterVC.swift in Sources */,
				D2DB8AE426BCFF2500CBADA1 /* GameAddVC.swift in Sources */,
				9B40CFE92664E6F200221ED4 /* GameTagCell.swift in Sources */,
				9B41FA812643ED31002A3E13 /* UIColor+Extension.swift in Sources */,
				9B4ACDD7266B6A9400381416 /* APIService.swift in Sources */,
				9B09112B265FC14500FB5928 /* GameCollectVC.swift in Sources */,
				9B162C49264AD79700219529 /* MySaveListCell.swift in Sources */,
				9B294196267A6C760008F69F /* TokenData.swift in Sources */,
				9B4ACDCB266B5ACB00381416 /* NickVC.swift in Sources */,
				9B41FA9626467B96002A3E13 /* TrandingGameCell.swift in Sources */,
				9B7F18332668AF7400BD29CC /* SimilarGameCell.swift in Sources */,
				9BC8BEF826BC458B0088C392 /* GameCollectionNaviVC.swift in Sources */,
				D2C1DA4326C279BB00A6EFDD /* ProfileVC.swift in Sources */,
				9B140E7E268B4EE6003421F2 /* UserData.swift in Sources */,
				9BE098F22649B3E8007D2BEC /* LeftAlignFlowLayout.swift in Sources */,
				9B40CFB32660E57E00221ED4 /* GameVC.swift in Sources */,
				9B7F182E2666277B00BD29CC /* GameDetailData.swift in Sources */,
				9B140E83268B5C06003421F2 /* UserSaveListData.swift in Sources */,
				9B40CFA52660C34B00221ED4 /* GameCollectionCell.swift in Sources */,
				9BE098FE264A6E8D007D2BEC /* SearchResultCell.swift in Sources */,
				9BE098E4264991C7007D2BEC /* KeywordVC.swift in Sources */,
				D2C1DA4026C2732200A6EFDD /* SettingCell.swift in Sources */,
				9B9C53C0264D083A00C6A01C /* SwipeListVC.swift in Sources */,
				9B9C53CB264D23C900C6A01C /* MyReviewData.swift in Sources */,
				9B091112265BF13F00FB5928 /* ThemeCollectionViewFlowLayout.swift in Sources */,
				9B8A38DF26BE4D24005E7DD3 /* PopUpVC.swift in Sources */,
				9B09110F265BEEF500FB5928 /* ThemeCollectionReusableView.swift in Sources */,
				9B7F184B2668F3F600BD29CC /* GameReviewCell.swift in Sources */,
			);
			runOnlyForDeploymentPostprocessing = 0;
		};
/* End PBXSourcesBuildPhase section */

/* Begin PBXVariantGroup section */
		9B41FA582643DD92002A3E13 /* Main.storyboard */ = {
			isa = PBXVariantGroup;
			children = (
				9B41FA592643DD92002A3E13 /* Base */,
			);
			name = Main.storyboard;
			sourceTree = "<group>";
		};
		9B41FA5D2643DD95002A3E13 /* LaunchScreen.storyboard */ = {
			isa = PBXVariantGroup;
			children = (
				9B41FA5E2643DD95002A3E13 /* Base */,
			);
			name = LaunchScreen.storyboard;
			sourceTree = "<group>";
		};
/* End PBXVariantGroup section */

/* Begin XCBuildConfiguration section */
		9B41FA612643DD95002A3E13 /* Debug */ = {
			isa = XCBuildConfiguration;
			buildSettings = {
				ALWAYS_SEARCH_USER_PATHS = NO;
				CLANG_ANALYZER_NONNULL = YES;
				CLANG_ANALYZER_NUMBER_OBJECT_CONVERSION = YES_AGGRESSIVE;
				CLANG_CXX_LANGUAGE_STANDARD = "gnu++14";
				CLANG_CXX_LIBRARY = "libc++";
				CLANG_ENABLE_MODULES = YES;
				CLANG_ENABLE_OBJC_ARC = YES;
				CLANG_ENABLE_OBJC_WEAK = YES;
				CLANG_WARN_BLOCK_CAPTURE_AUTORELEASING = YES;
				CLANG_WARN_BOOL_CONVERSION = YES;
				CLANG_WARN_COMMA = YES;
				CLANG_WARN_CONSTANT_CONVERSION = YES;
				CLANG_WARN_DEPRECATED_OBJC_IMPLEMENTATIONS = YES;
				CLANG_WARN_DIRECT_OBJC_ISA_USAGE = YES_ERROR;
				CLANG_WARN_DOCUMENTATION_COMMENTS = YES;
				CLANG_WARN_EMPTY_BODY = YES;
				CLANG_WARN_ENUM_CONVERSION = YES;
				CLANG_WARN_INFINITE_RECURSION = YES;
				CLANG_WARN_INT_CONVERSION = YES;
				CLANG_WARN_NON_LITERAL_NULL_CONVERSION = YES;
				CLANG_WARN_OBJC_IMPLICIT_RETAIN_SELF = YES;
				CLANG_WARN_OBJC_LITERAL_CONVERSION = YES;
				CLANG_WARN_OBJC_ROOT_CLASS = YES_ERROR;
				CLANG_WARN_QUOTED_INCLUDE_IN_FRAMEWORK_HEADER = YES;
				CLANG_WARN_RANGE_LOOP_ANALYSIS = YES;
				CLANG_WARN_STRICT_PROTOTYPES = YES;
				CLANG_WARN_SUSPICIOUS_MOVE = YES;
				CLANG_WARN_UNGUARDED_AVAILABILITY = YES_AGGRESSIVE;
				CLANG_WARN_UNREACHABLE_CODE = YES;
				CLANG_WARN__DUPLICATE_METHOD_MATCH = YES;
				COPY_PHASE_STRIP = NO;
				DEBUG_INFORMATION_FORMAT = dwarf;
				ENABLE_STRICT_OBJC_MSGSEND = YES;
				ENABLE_TESTABILITY = YES;
				GCC_C_LANGUAGE_STANDARD = gnu11;
				GCC_DYNAMIC_NO_PIC = NO;
				GCC_NO_COMMON_BLOCKS = YES;
				GCC_OPTIMIZATION_LEVEL = 0;
				GCC_PREPROCESSOR_DEFINITIONS = (
					"DEBUG=1",
					"$(inherited)",
				);
				GCC_WARN_64_TO_32_BIT_CONVERSION = YES;
				GCC_WARN_ABOUT_RETURN_TYPE = YES_ERROR;
				GCC_WARN_UNDECLARED_SELECTOR = YES;
				GCC_WARN_UNINITIALIZED_AUTOS = YES_AGGRESSIVE;
				GCC_WARN_UNUSED_FUNCTION = YES;
				GCC_WARN_UNUSED_VARIABLE = YES;
				IPHONEOS_DEPLOYMENT_TARGET = 13.0;
				MTL_ENABLE_DEBUG_INFO = INCLUDE_SOURCE;
				MTL_FAST_MATH = YES;
				ONLY_ACTIVE_ARCH = YES;
				SDKROOT = iphoneos;
				SWIFT_ACTIVE_COMPILATION_CONDITIONS = DEBUG;
				SWIFT_OPTIMIZATION_LEVEL = "-Onone";
			};
			name = Debug;
		};
		9B41FA622643DD95002A3E13 /* Release */ = {
			isa = XCBuildConfiguration;
			buildSettings = {
				ALWAYS_SEARCH_USER_PATHS = NO;
				CLANG_ANALYZER_NONNULL = YES;
				CLANG_ANALYZER_NUMBER_OBJECT_CONVERSION = YES_AGGRESSIVE;
				CLANG_CXX_LANGUAGE_STANDARD = "gnu++14";
				CLANG_CXX_LIBRARY = "libc++";
				CLANG_ENABLE_MODULES = YES;
				CLANG_ENABLE_OBJC_ARC = YES;
				CLANG_ENABLE_OBJC_WEAK = YES;
				CLANG_WARN_BLOCK_CAPTURE_AUTORELEASING = YES;
				CLANG_WARN_BOOL_CONVERSION = YES;
				CLANG_WARN_COMMA = YES;
				CLANG_WARN_CONSTANT_CONVERSION = YES;
				CLANG_WARN_DEPRECATED_OBJC_IMPLEMENTATIONS = YES;
				CLANG_WARN_DIRECT_OBJC_ISA_USAGE = YES_ERROR;
				CLANG_WARN_DOCUMENTATION_COMMENTS = YES;
				CLANG_WARN_EMPTY_BODY = YES;
				CLANG_WARN_ENUM_CONVERSION = YES;
				CLANG_WARN_INFINITE_RECURSION = YES;
				CLANG_WARN_INT_CONVERSION = YES;
				CLANG_WARN_NON_LITERAL_NULL_CONVERSION = YES;
				CLANG_WARN_OBJC_IMPLICIT_RETAIN_SELF = YES;
				CLANG_WARN_OBJC_LITERAL_CONVERSION = YES;
				CLANG_WARN_OBJC_ROOT_CLASS = YES_ERROR;
				CLANG_WARN_QUOTED_INCLUDE_IN_FRAMEWORK_HEADER = YES;
				CLANG_WARN_RANGE_LOOP_ANALYSIS = YES;
				CLANG_WARN_STRICT_PROTOTYPES = YES;
				CLANG_WARN_SUSPICIOUS_MOVE = YES;
				CLANG_WARN_UNGUARDED_AVAILABILITY = YES_AGGRESSIVE;
				CLANG_WARN_UNREACHABLE_CODE = YES;
				CLANG_WARN__DUPLICATE_METHOD_MATCH = YES;
				COPY_PHASE_STRIP = NO;
				DEBUG_INFORMATION_FORMAT = "dwarf-with-dsym";
				ENABLE_NS_ASSERTIONS = NO;
				ENABLE_STRICT_OBJC_MSGSEND = YES;
				GCC_C_LANGUAGE_STANDARD = gnu11;
				GCC_NO_COMMON_BLOCKS = YES;
				GCC_WARN_64_TO_32_BIT_CONVERSION = YES;
				GCC_WARN_ABOUT_RETURN_TYPE = YES_ERROR;
				GCC_WARN_UNDECLARED_SELECTOR = YES;
				GCC_WARN_UNINITIALIZED_AUTOS = YES_AGGRESSIVE;
				GCC_WARN_UNUSED_FUNCTION = YES;
				GCC_WARN_UNUSED_VARIABLE = YES;
				IPHONEOS_DEPLOYMENT_TARGET = 13.0;
				MTL_ENABLE_DEBUG_INFO = NO;
				MTL_FAST_MATH = YES;
				SDKROOT = iphoneos;
				SWIFT_COMPILATION_MODE = wholemodule;
				SWIFT_OPTIMIZATION_LEVEL = "-O";
				VALIDATE_PRODUCT = YES;
			};
			name = Release;
		};
		9B41FA642643DD95002A3E13 /* Debug */ = {
			isa = XCBuildConfiguration;
			baseConfigurationReference = 21D81D051F43E6C38C6ECFDE /* Pods-boardpedia.debug.xcconfig */;
			buildSettings = {
				ASSETCATALOG_COMPILER_APPICON_NAME = AppIcon;
				ASSETCATALOG_COMPILER_GLOBAL_ACCENT_COLOR_NAME = AccentColor;
				CODE_SIGN_ENTITLEMENTS = boardpedia/boardpedia.entitlements;
				CODE_SIGN_STYLE = Automatic;
				DEVELOPMENT_TEAM = DUQE66MABG;
				INFOPLIST_FILE = boardpedia/Support/Info.plist;
				LD_RUNPATH_SEARCH_PATHS = (
					"$(inherited)",
					"@executable_path/Frameworks",
				);
				PRODUCT_BUNDLE_IDENTIFIER = arcade.boardpedia;
				PRODUCT_NAME = "$(TARGET_NAME)";
				SWIFT_VERSION = 5.0;
				TARGETED_DEVICE_FAMILY = 1;
			};
			name = Debug;
		};
		9B41FA652643DD95002A3E13 /* Release */ = {
			isa = XCBuildConfiguration;
			baseConfigurationReference = CB9E0B65FC09D0A7A1A87040 /* Pods-boardpedia.release.xcconfig */;
			buildSettings = {
				ASSETCATALOG_COMPILER_APPICON_NAME = AppIcon;
				ASSETCATALOG_COMPILER_GLOBAL_ACCENT_COLOR_NAME = AccentColor;
				CODE_SIGN_ENTITLEMENTS = boardpedia/boardpedia.entitlements;
				CODE_SIGN_STYLE = Automatic;
				DEVELOPMENT_TEAM = DUQE66MABG;
				INFOPLIST_FILE = boardpedia/Support/Info.plist;
				LD_RUNPATH_SEARCH_PATHS = (
					"$(inherited)",
					"@executable_path/Frameworks",
				);
				PRODUCT_BUNDLE_IDENTIFIER = arcade.boardpedia;
				PRODUCT_NAME = "$(TARGET_NAME)";
				SWIFT_VERSION = 5.0;
				TARGETED_DEVICE_FAMILY = 1;
			};
			name = Release;
		};
/* End XCBuildConfiguration section */

/* Begin XCConfigurationList section */
		9B41FA4A2643DD92002A3E13 /* Build configuration list for PBXProject "boardpedia" */ = {
			isa = XCConfigurationList;
			buildConfigurations = (
				9B41FA612643DD95002A3E13 /* Debug */,
				9B41FA622643DD95002A3E13 /* Release */,
			);
			defaultConfigurationIsVisible = 0;
			defaultConfigurationName = Release;
		};
		9B41FA632643DD95002A3E13 /* Build configuration list for PBXNativeTarget "boardpedia" */ = {
			isa = XCConfigurationList;
			buildConfigurations = (
				9B41FA642643DD95002A3E13 /* Debug */,
				9B41FA652643DD95002A3E13 /* Release */,
			);
			defaultConfigurationIsVisible = 0;
			defaultConfigurationName = Release;
		};
/* End XCConfigurationList section */
	};
	rootObject = 9B41FA472643DD92002A3E13 /* Project object */;
}
