// !$*UTF8*$!
{
	archiveVersion = 1;
	classes = {
	};
	objectVersion = 50;
	objects = {

/* Begin PBXBuildFile section */
		9B09110C265BEEBA00FB5928 /* ThemeVC.swift in Sources */ = {isa = PBXBuildFile; fileRef = 9B09110B265BEEBA00FB5928 /* ThemeVC.swift */; };
		9B09110F265BEEF500FB5928 /* ThemeCollectionReusableView.swift in Sources */ = {isa = PBXBuildFile; fileRef = 9B09110E265BEEF500FB5928 /* ThemeCollectionReusableView.swift */; };
		9B091112265BF13F00FB5928 /* ThemeCollectionViewFlowLayout.swift in Sources */ = {isa = PBXBuildFile; fileRef = 9B091111265BF13F00FB5928 /* ThemeCollectionViewFlowLayout.swift */; };
		9B09111C265BFB2600FB5928 /* ThemeKeywordCell.swift in Sources */ = {isa = PBXBuildFile; fileRef = 9B09111B265BFB2600FB5928 /* ThemeKeywordCell.swift */; };
		9B09111F265C05F100FB5928 /* ThemeGameListCell.swift in Sources */ = {isa = PBXBuildFile; fileRef = 9B09111E265C05F100FB5928 /* ThemeGameListCell.swift */; };
		9B091128265FC12700FB5928 /* GameCollect.storyboard in Resources */ = {isa = PBXBuildFile; fileRef = 9B091127265FC12700FB5928 /* GameCollect.storyboard */; };
		9B09112B265FC14500FB5928 /* GameCollectVC.swift in Sources */ = {isa = PBXBuildFile; fileRef = 9B09112A265FC14500FB5928 /* GameCollectVC.swift */; };
		9B162C44264AD75A00219529 /* MySaveListVC.swift in Sources */ = {isa = PBXBuildFile; fileRef = 9B162C43264AD75A00219529 /* MySaveListVC.swift */; };
		9B162C49264AD79700219529 /* MySaveListCell.swift in Sources */ = {isa = PBXBuildFile; fileRef = 9B162C48264AD79700219529 /* MySaveListCell.swift */; };
		9B162C4C264ADC7600219529 /* MyReviewListVC.swift in Sources */ = {isa = PBXBuildFile; fileRef = 9B162C4B264ADC7600219529 /* MyReviewListVC.swift */; };
		9B41FA532643DD92002A3E13 /* AppDelegate.swift in Sources */ = {isa = PBXBuildFile; fileRef = 9B41FA522643DD92002A3E13 /* AppDelegate.swift */; };
		9B41FA552643DD92002A3E13 /* SceneDelegate.swift in Sources */ = {isa = PBXBuildFile; fileRef = 9B41FA542643DD92002A3E13 /* SceneDelegate.swift */; };
		9B41FA572643DD92002A3E13 /* MainVC.swift in Sources */ = {isa = PBXBuildFile; fileRef = 9B41FA562643DD92002A3E13 /* MainVC.swift */; };
		9B41FA5A2643DD92002A3E13 /* Main.storyboard in Resources */ = {isa = PBXBuildFile; fileRef = 9B41FA582643DD92002A3E13 /* Main.storyboard */; };
		9B41FA5C2643DD95002A3E13 /* Assets.xcassets in Resources */ = {isa = PBXBuildFile; fileRef = 9B41FA5B2643DD95002A3E13 /* Assets.xcassets */; };
		9B41FA5F2643DD95002A3E13 /* LaunchScreen.storyboard in Resources */ = {isa = PBXBuildFile; fileRef = 9B41FA5D2643DD95002A3E13 /* LaunchScreen.storyboard */; };
		9B41FA7A2643E138002A3E13 /* UIFont+Extension.swift in Sources */ = {isa = PBXBuildFile; fileRef = 9B41FA792643E138002A3E13 /* UIFont+Extension.swift */; };
		9B41FA812643ED31002A3E13 /* UIColor+Extension.swift in Sources */ = {isa = PBXBuildFile; fileRef = 9B41FA802643ED31002A3E13 /* UIColor+Extension.swift */; };
		9B41FA842643EE67002A3E13 /* UIView+Extension.swift in Sources */ = {isa = PBXBuildFile; fileRef = 9B41FA832643EE67002A3E13 /* UIView+Extension.swift */; };
		9B41FA8E2643EEEC002A3E13 /* UILabel+Extension.swift in Sources */ = {isa = PBXBuildFile; fileRef = 9B41FA8D2643EEEC002A3E13 /* UILabel+Extension.swift */; };
		9B41FA912644FC16002A3E13 /* UIButton+Extension.swift in Sources */ = {isa = PBXBuildFile; fileRef = 9B41FA902644FC16002A3E13 /* UIButton+Extension.swift */; };
		9B41FA9626467B96002A3E13 /* TrandingGameCell.swift in Sources */ = {isa = PBXBuildFile; fileRef = 9B41FA9526467B96002A3E13 /* TrandingGameCell.swift */; };
		9B41FA9926467FBC002A3E13 /* GameData.swift in Sources */ = {isa = PBXBuildFile; fileRef = 9B41FA9826467FBC002A3E13 /* GameData.swift */; };
		9B9C53C0264D083A00C6A01C /* SwipeListVC.swift in Sources */ = {isa = PBXBuildFile; fileRef = 9B9C53BF264D083A00C6A01C /* SwipeListVC.swift */; };
		9B9C53C8264D1DE900C6A01C /* MyReviewCell.swift in Sources */ = {isa = PBXBuildFile; fileRef = 9B9C53C7264D1DE900C6A01C /* MyReviewCell.swift */; };
		9B9C53CB264D23C900C6A01C /* MyReviewData.swift in Sources */ = {isa = PBXBuildFile; fileRef = 9B9C53CA264D23C900C6A01C /* MyReviewData.swift */; };
		9BE098C926490A01007D2BEC /* ThemeGameCell.swift in Sources */ = {isa = PBXBuildFile; fileRef = 9BE098C826490A01007D2BEC /* ThemeGameCell.swift */; };
		9BE098CC26490AB2007D2BEC /* ThemeData.swift in Sources */ = {isa = PBXBuildFile; fileRef = 9BE098CB26490AB2007D2BEC /* ThemeData.swift */; };
		9BE098D6264924D9007D2BEC /* Search.storyboard in Resources */ = {isa = PBXBuildFile; fileRef = 9BE098D5264924D9007D2BEC /* Search.storyboard */; };
		9BE098D926492562007D2BEC /* SearchVC.swift in Sources */ = {isa = PBXBuildFile; fileRef = 9BE098D826492562007D2BEC /* SearchVC.swift */; };
		9BE098E026498C52007D2BEC /* UITextField+Extension.swift in Sources */ = {isa = PBXBuildFile; fileRef = 9BE098DF26498C52007D2BEC /* UITextField+Extension.swift */; };
		9BE098E4264991C7007D2BEC /* KeywordVC.swift in Sources */ = {isa = PBXBuildFile; fileRef = 9BE098E3264991C7007D2BEC /* KeywordVC.swift */; };
		9BE098E7264995A6007D2BEC /* KeywordData.swift in Sources */ = {isa = PBXBuildFile; fileRef = 9BE098E6264995A6007D2BEC /* KeywordData.swift */; };
		9BE098EB264995DC007D2BEC /* RecentKeywordCell.swift in Sources */ = {isa = PBXBuildFile; fileRef = 9BE098EA264995DC007D2BEC /* RecentKeywordCell.swift */; };
		9BE098EF2649AE1A007D2BEC /* TopKeywordCell.swift in Sources */ = {isa = PBXBuildFile; fileRef = 9BE098EE2649AE19007D2BEC /* TopKeywordCell.swift */; };
		9BE098F22649B3E8007D2BEC /* LeftAlignFlowLayout.swift in Sources */ = {isa = PBXBuildFile; fileRef = 9BE098F12649B3E8007D2BEC /* LeftAlignFlowLayout.swift */; };
		9BE098F8264A4FD9007D2BEC /* SearchResultVC.swift in Sources */ = {isa = PBXBuildFile; fileRef = 9BE098F7264A4FD9007D2BEC /* SearchResultVC.swift */; };
		9BE098FB264A6AEB007D2BEC /* SearchResultData.swift in Sources */ = {isa = PBXBuildFile; fileRef = 9BE098FA264A6AEA007D2BEC /* SearchResultData.swift */; };
		9BE098FE264A6E8D007D2BEC /* SearchResultCell.swift in Sources */ = {isa = PBXBuildFile; fileRef = 9BE098FD264A6E8D007D2BEC /* SearchResultCell.swift */; };
		9BE09905264A8CBD007D2BEC /* Mypage.storyboard in Resources */ = {isa = PBXBuildFile; fileRef = 9BE09904264A8CBD007D2BEC /* Mypage.storyboard */; };
		9BE09915264AA448007D2BEC /* MypageVC.swift in Sources */ = {isa = PBXBuildFile; fileRef = 9BE09914264AA448007D2BEC /* MypageVC.swift */; };
/* End PBXBuildFile section */

/* Begin PBXFileReference section */
		9B09110B265BEEBA00FB5928 /* ThemeVC.swift */ = {isa = PBXFileReference; lastKnownFileType = sourcecode.swift; path = ThemeVC.swift; sourceTree = "<group>"; };
		9B09110E265BEEF500FB5928 /* ThemeCollectionReusableView.swift */ = {isa = PBXFileReference; lastKnownFileType = sourcecode.swift; path = ThemeCollectionReusableView.swift; sourceTree = "<group>"; };
		9B091111265BF13F00FB5928 /* ThemeCollectionViewFlowLayout.swift */ = {isa = PBXFileReference; lastKnownFileType = sourcecode.swift; path = ThemeCollectionViewFlowLayout.swift; sourceTree = "<group>"; };
		9B09111B265BFB2600FB5928 /* ThemeKeywordCell.swift */ = {isa = PBXFileReference; lastKnownFileType = sourcecode.swift; path = ThemeKeywordCell.swift; sourceTree = "<group>"; };
		9B09111E265C05F100FB5928 /* ThemeGameListCell.swift */ = {isa = PBXFileReference; lastKnownFileType = sourcecode.swift; path = ThemeGameListCell.swift; sourceTree = "<group>"; };
		9B091127265FC12700FB5928 /* GameCollect.storyboard */ = {isa = PBXFileReference; lastKnownFileType = file.storyboard; path = GameCollect.storyboard; sourceTree = "<group>"; };
		9B09112A265FC14500FB5928 /* GameCollectVC.swift */ = {isa = PBXFileReference; lastKnownFileType = sourcecode.swift; path = GameCollectVC.swift; sourceTree = "<group>"; };
		9B162C43264AD75A00219529 /* MySaveListVC.swift */ = {isa = PBXFileReference; lastKnownFileType = sourcecode.swift; path = MySaveListVC.swift; sourceTree = "<group>"; };
		9B162C48264AD79700219529 /* MySaveListCell.swift */ = {isa = PBXFileReference; lastKnownFileType = sourcecode.swift; path = MySaveListCell.swift; sourceTree = "<group>"; };
		9B162C4B264ADC7600219529 /* MyReviewListVC.swift */ = {isa = PBXFileReference; lastKnownFileType = sourcecode.swift; path = MyReviewListVC.swift; sourceTree = "<group>"; };
		9B41FA4F2643DD92002A3E13 /* boardpedia.app */ = {isa = PBXFileReference; explicitFileType = wrapper.application; includeInIndex = 0; path = boardpedia.app; sourceTree = BUILT_PRODUCTS_DIR; };
		9B41FA522643DD92002A3E13 /* AppDelegate.swift */ = {isa = PBXFileReference; lastKnownFileType = sourcecode.swift; path = AppDelegate.swift; sourceTree = "<group>"; };
		9B41FA542643DD92002A3E13 /* SceneDelegate.swift */ = {isa = PBXFileReference; lastKnownFileType = sourcecode.swift; path = SceneDelegate.swift; sourceTree = "<group>"; };
		9B41FA562643DD92002A3E13 /* MainVC.swift */ = {isa = PBXFileReference; lastKnownFileType = sourcecode.swift; path = MainVC.swift; sourceTree = "<group>"; };
		9B41FA592643DD92002A3E13 /* Base */ = {isa = PBXFileReference; lastKnownFileType = file.storyboard; name = Base; path = Base.lproj/Main.storyboard; sourceTree = "<group>"; };
		9B41FA5B2643DD95002A3E13 /* Assets.xcassets */ = {isa = PBXFileReference; lastKnownFileType = folder.assetcatalog; path = Assets.xcassets; sourceTree = "<group>"; };
		9B41FA5E2643DD95002A3E13 /* Base */ = {isa = PBXFileReference; lastKnownFileType = file.storyboard; name = Base; path = Base.lproj/LaunchScreen.storyboard; sourceTree = "<group>"; };
		9B41FA602643DD95002A3E13 /* Info.plist */ = {isa = PBXFileReference; lastKnownFileType = text.plist.xml; path = Info.plist; sourceTree = "<group>"; };
		9B41FA792643E138002A3E13 /* UIFont+Extension.swift */ = {isa = PBXFileReference; lastKnownFileType = sourcecode.swift; path = "UIFont+Extension.swift"; sourceTree = "<group>"; };
		9B41FA802643ED31002A3E13 /* UIColor+Extension.swift */ = {isa = PBXFileReference; lastKnownFileType = sourcecode.swift; path = "UIColor+Extension.swift"; sourceTree = "<group>"; };
		9B41FA832643EE67002A3E13 /* UIView+Extension.swift */ = {isa = PBXFileReference; lastKnownFileType = sourcecode.swift; path = "UIView+Extension.swift"; sourceTree = "<group>"; };
		9B41FA8D2643EEEC002A3E13 /* UILabel+Extension.swift */ = {isa = PBXFileReference; lastKnownFileType = sourcecode.swift; path = "UILabel+Extension.swift"; sourceTree = "<group>"; };
		9B41FA902644FC16002A3E13 /* UIButton+Extension.swift */ = {isa = PBXFileReference; lastKnownFileType = sourcecode.swift; path = "UIButton+Extension.swift"; sourceTree = "<group>"; };
		9B41FA9526467B96002A3E13 /* TrandingGameCell.swift */ = {isa = PBXFileReference; lastKnownFileType = sourcecode.swift; path = TrandingGameCell.swift; sourceTree = "<group>"; };
		9B41FA9826467FBC002A3E13 /* GameData.swift */ = {isa = PBXFileReference; lastKnownFileType = sourcecode.swift; path = GameData.swift; sourceTree = "<group>"; };
		9B9C53BF264D083A00C6A01C /* SwipeListVC.swift */ = {isa = PBXFileReference; lastKnownFileType = sourcecode.swift; path = SwipeListVC.swift; sourceTree = "<group>"; };
		9B9C53C7264D1DE900C6A01C /* MyReviewCell.swift */ = {isa = PBXFileReference; lastKnownFileType = sourcecode.swift; path = MyReviewCell.swift; sourceTree = "<group>"; };
		9B9C53CA264D23C900C6A01C /* MyReviewData.swift */ = {isa = PBXFileReference; lastKnownFileType = sourcecode.swift; path = MyReviewData.swift; sourceTree = "<group>"; };
		9BE098C826490A01007D2BEC /* ThemeGameCell.swift */ = {isa = PBXFileReference; lastKnownFileType = sourcecode.swift; path = ThemeGameCell.swift; sourceTree = "<group>"; };
		9BE098CB26490AB2007D2BEC /* ThemeData.swift */ = {isa = PBXFileReference; lastKnownFileType = sourcecode.swift; path = ThemeData.swift; sourceTree = "<group>"; };
		9BE098D5264924D9007D2BEC /* Search.storyboard */ = {isa = PBXFileReference; lastKnownFileType = file.storyboard; path = Search.storyboard; sourceTree = "<group>"; };
		9BE098D826492562007D2BEC /* SearchVC.swift */ = {isa = PBXFileReference; lastKnownFileType = sourcecode.swift; path = SearchVC.swift; sourceTree = "<group>"; };
		9BE098DF26498C52007D2BEC /* UITextField+Extension.swift */ = {isa = PBXFileReference; lastKnownFileType = sourcecode.swift; path = "UITextField+Extension.swift"; sourceTree = "<group>"; };
		9BE098E3264991C7007D2BEC /* KeywordVC.swift */ = {isa = PBXFileReference; lastKnownFileType = sourcecode.swift; path = KeywordVC.swift; sourceTree = "<group>"; };
		9BE098E6264995A6007D2BEC /* KeywordData.swift */ = {isa = PBXFileReference; lastKnownFileType = sourcecode.swift; path = KeywordData.swift; sourceTree = "<group>"; };
		9BE098EA264995DC007D2BEC /* RecentKeywordCell.swift */ = {isa = PBXFileReference; lastKnownFileType = sourcecode.swift; path = RecentKeywordCell.swift; sourceTree = "<group>"; };
		9BE098EE2649AE19007D2BEC /* TopKeywordCell.swift */ = {isa = PBXFileReference; lastKnownFileType = sourcecode.swift; path = TopKeywordCell.swift; sourceTree = "<group>"; };
		9BE098F12649B3E8007D2BEC /* LeftAlignFlowLayout.swift */ = {isa = PBXFileReference; lastKnownFileType = sourcecode.swift; path = LeftAlignFlowLayout.swift; sourceTree = "<group>"; };
		9BE098F7264A4FD9007D2BEC /* SearchResultVC.swift */ = {isa = PBXFileReference; lastKnownFileType = sourcecode.swift; path = SearchResultVC.swift; sourceTree = "<group>"; };
		9BE098FA264A6AEA007D2BEC /* SearchResultData.swift */ = {isa = PBXFileReference; lastKnownFileType = sourcecode.swift; path = SearchResultData.swift; sourceTree = "<group>"; };
		9BE098FD264A6E8D007D2BEC /* SearchResultCell.swift */ = {isa = PBXFileReference; lastKnownFileType = sourcecode.swift; path = SearchResultCell.swift; sourceTree = "<group>"; };
		9BE09904264A8CBD007D2BEC /* Mypage.storyboard */ = {isa = PBXFileReference; lastKnownFileType = file.storyboard; path = Mypage.storyboard; sourceTree = "<group>"; };
		9BE09914264AA448007D2BEC /* MypageVC.swift */ = {isa = PBXFileReference; lastKnownFileType = sourcecode.swift; path = MypageVC.swift; sourceTree = "<group>"; };
/* End PBXFileReference section */

/* Begin PBXFrameworksBuildPhase section */
		9B41FA4C2643DD92002A3E13 /* Frameworks */ = {
			isa = PBXFrameworksBuildPhase;
			buildActionMask = 2147483647;
			files = (
			);
			runOnlyForDeploymentPostprocessing = 0;
		};
/* End PBXFrameworksBuildPhase section */

/* Begin PBXGroup section */
		9B091123265FC0FD00FB5928 /* Collect */ = {
			isa = PBXGroup;
			children = (
				9B091126265FC11200FB5928 /* Cell */,
				9B091125265FC10600FB5928 /* Storyboard */,
				9B091124265FC10300FB5928 /* VC */,
			);
			path = Collect;
			sourceTree = "<group>";
		};
		9B091124265FC10300FB5928 /* VC */ = {
			isa = PBXGroup;
			children = (
				9B09112A265FC14500FB5928 /* GameCollectVC.swift */,
			);
			path = VC;
			sourceTree = "<group>";
		};
		9B091125265FC10600FB5928 /* Storyboard */ = {
			isa = PBXGroup;
			children = (
				9B091127265FC12700FB5928 /* GameCollect.storyboard */,
			);
			path = Storyboard;
			sourceTree = "<group>";
		};
		9B091126265FC11200FB5928 /* Cell */ = {
			isa = PBXGroup;
			children = (
			);
			path = Cell;
			sourceTree = "<group>";
		};
		9B162C46264AD77600219529 /* Cell */ = {
			isa = PBXGroup;
			children = (
				9B162C48264AD79700219529 /* MySaveListCell.swift */,
				9B9C53C7264D1DE900C6A01C /* MyReviewCell.swift */,
			);
			path = Cell;
			sourceTree = "<group>";
		};
		9B41FA462643DD92002A3E13 = {
			isa = PBXGroup;
			children = (
				9B41FA512643DD92002A3E13 /* boardpedia */,
				9B41FA502643DD92002A3E13 /* Products */,
			);
			sourceTree = "<group>";
		};
		9B41FA502643DD92002A3E13 /* Products */ = {
			isa = PBXGroup;
			children = (
				9B41FA4F2643DD92002A3E13 /* boardpedia.app */,
			);
			name = Products;
			sourceTree = "<group>";
		};
		9B41FA512643DD92002A3E13 /* boardpedia */ = {
			isa = PBXGroup;
			children = (
				9B41FA692643DF07002A3E13 /* Global */,
				9B41FA682643DF02002A3E13 /* Screen */,
				9B41FA672643DEFA002A3E13 /* Support */,
			);
			path = boardpedia;
			sourceTree = "<group>";
		};
		9B41FA672643DEFA002A3E13 /* Support */ = {
			isa = PBXGroup;
			children = (
				9B41FA602643DD95002A3E13 /* Info.plist */,
				9B41FA5B2643DD95002A3E13 /* Assets.xcassets */,
				9B41FA6B2643DF21002A3E13 /* Delegate */,
				9B41FA6A2643DF17002A3E13 /* Font */,
			);
			path = Support;
			sourceTree = "<group>";
		};
		9B41FA682643DF02002A3E13 /* Screen */ = {
			isa = PBXGroup;
			children = (
				9B091123265FC0FD00FB5928 /* Collect */,
				9BE09901264A8CA1007D2BEC /* Mypage */,
				9BE098D2264924AF007D2BEC /* Search */,
				9B41FA712643DF68002A3E13 /* Main */,
			);
			path = Screen;
			sourceTree = "<group>";
		};
		9B41FA692643DF07002A3E13 /* Global */ = {
			isa = PBXGroup;
			children = (
				9B41FA702643DF4A002A3E13 /* Extension */,
				9B41FA6F2643DF45002A3E13 /* Service */,
				9B41FA6E2643DF41002A3E13 /* Model */,
			);
			path = Global;
			sourceTree = "<group>";
		};
		9B41FA6A2643DF17002A3E13 /* Font */ = {
			isa = PBXGroup;
			children = (
			);
			path = Font;
			sourceTree = "<group>";
		};
		9B41FA6B2643DF21002A3E13 /* Delegate */ = {
			isa = PBXGroup;
			children = (
				9B41FA5D2643DD95002A3E13 /* LaunchScreen.storyboard */,
				9B41FA522643DD92002A3E13 /* AppDelegate.swift */,
				9B41FA542643DD92002A3E13 /* SceneDelegate.swift */,
			);
			path = Delegate;
			sourceTree = "<group>";
		};
		9B41FA6E2643DF41002A3E13 /* Model */ = {
			isa = PBXGroup;
			children = (
				9B41FA9826467FBC002A3E13 /* GameData.swift */,
				9BE098CB26490AB2007D2BEC /* ThemeData.swift */,
				9BE098E6264995A6007D2BEC /* KeywordData.swift */,
				9BE098FA264A6AEA007D2BEC /* SearchResultData.swift */,
				9B9C53CA264D23C900C6A01C /* MyReviewData.swift */,
			);
			path = Model;
			sourceTree = "<group>";
		};
		9B41FA6F2643DF45002A3E13 /* Service */ = {
			isa = PBXGroup;
			children = (
			);
			path = Service;
			sourceTree = "<group>";
		};
		9B41FA702643DF4A002A3E13 /* Extension */ = {
			isa = PBXGroup;
			children = (
				9B41FA792643E138002A3E13 /* UIFont+Extension.swift */,
				9B41FA802643ED31002A3E13 /* UIColor+Extension.swift */,
				9B41FA832643EE67002A3E13 /* UIView+Extension.swift */,
				9B41FA8D2643EEEC002A3E13 /* UILabel+Extension.swift */,
				9B41FA902644FC16002A3E13 /* UIButton+Extension.swift */,
				9BE098DF26498C52007D2BEC /* UITextField+Extension.swift */,
			);
			path = Extension;
			sourceTree = "<group>";
		};
		9B41FA712643DF68002A3E13 /* Main */ = {
			isa = PBXGroup;
			children = (
				9BE098C7264909EE007D2BEC /* Cell */,
				9B41FA732643DF72002A3E13 /* Storyboard */,
				9B41FA722643DF6F002A3E13 /* VC */,
			);
			path = Main;
			sourceTree = "<group>";
		};
		9B41FA722643DF6F002A3E13 /* VC */ = {
			isa = PBXGroup;
			children = (
				9B41FA562643DD92002A3E13 /* MainVC.swift */,
				9B09110B265BEEBA00FB5928 /* ThemeVC.swift */,
			);
			path = VC;
			sourceTree = "<group>";
		};
		9B41FA732643DF72002A3E13 /* Storyboard */ = {
			isa = PBXGroup;
			children = (
				9B41FA582643DD92002A3E13 /* Main.storyboard */,
			);
			path = Storyboard;
			sourceTree = "<group>";
		};
		9BE098C7264909EE007D2BEC /* Cell */ = {
			isa = PBXGroup;
			children = (
				9B41FA9526467B96002A3E13 /* TrandingGameCell.swift */,
				9BE098C826490A01007D2BEC /* ThemeGameCell.swift */,
				9B09110E265BEEF500FB5928 /* ThemeCollectionReusableView.swift */,
				9B091111265BF13F00FB5928 /* ThemeCollectionViewFlowLayout.swift */,
				9B09111B265BFB2600FB5928 /* ThemeKeywordCell.swift */,
				9B09111E265C05F100FB5928 /* ThemeGameListCell.swift */,
			);
			path = Cell;
			sourceTree = "<group>";
		};
		9BE098D2264924AF007D2BEC /* Search */ = {
			isa = PBXGroup;
			children = (
				9BE098E9264995C3007D2BEC /* Cell */,
				9BE098D4264924B8007D2BEC /* Storyboard */,
				9BE098D3264924B5007D2BEC /* VC */,
			);
			path = Search;
			sourceTree = "<group>";
		};
		9BE098D3264924B5007D2BEC /* VC */ = {
			isa = PBXGroup;
			children = (
				9BE098D826492562007D2BEC /* SearchVC.swift */,
				9BE098E3264991C7007D2BEC /* KeywordVC.swift */,
				9BE098F12649B3E8007D2BEC /* LeftAlignFlowLayout.swift */,
				9BE098F7264A4FD9007D2BEC /* SearchResultVC.swift */,
			);
			path = VC;
			sourceTree = "<group>";
		};
		9BE098D4264924B8007D2BEC /* Storyboard */ = {
			isa = PBXGroup;
			children = (
				9BE098D5264924D9007D2BEC /* Search.storyboard */,
			);
			path = Storyboard;
			sourceTree = "<group>";
		};
		9BE098E9264995C3007D2BEC /* Cell */ = {
			isa = PBXGroup;
			children = (
				9BE098EA264995DC007D2BEC /* RecentKeywordCell.swift */,
				9BE098EE2649AE19007D2BEC /* TopKeywordCell.swift */,
				9BE098FD264A6E8D007D2BEC /* SearchResultCell.swift */,
			);
			path = Cell;
			sourceTree = "<group>";
		};
		9BE09901264A8CA1007D2BEC /* Mypage */ = {
			isa = PBXGroup;
			children = (
				9B162C46264AD77600219529 /* Cell */,
				9BE09903264A8CAD007D2BEC /* Storyboard */,
				9BE09902264A8CA9007D2BEC /* VC */,
			);
			path = Mypage;
			sourceTree = "<group>";
		};
		9BE09902264A8CA9007D2BEC /* VC */ = {
			isa = PBXGroup;
			children = (
				9BE09914264AA448007D2BEC /* MypageVC.swift */,
				9B162C43264AD75A00219529 /* MySaveListVC.swift */,
				9B162C4B264ADC7600219529 /* MyReviewListVC.swift */,
				9B9C53BF264D083A00C6A01C /* SwipeListVC.swift */,
			);
			path = VC;
			sourceTree = "<group>";
		};
		9BE09903264A8CAD007D2BEC /* Storyboard */ = {
			isa = PBXGroup;
			children = (
				9BE09904264A8CBD007D2BEC /* Mypage.storyboard */,
			);
			path = Storyboard;
			sourceTree = "<group>";
		};
/* End PBXGroup section */

/* Begin PBXNativeTarget section */
		9B41FA4E2643DD92002A3E13 /* boardpedia */ = {
			isa = PBXNativeTarget;
			buildConfigurationList = 9B41FA632643DD95002A3E13 /* Build configuration list for PBXNativeTarget "boardpedia" */;
			buildPhases = (
				9B41FA4B2643DD92002A3E13 /* Sources */,
				9B41FA4C2643DD92002A3E13 /* Frameworks */,
				9B41FA4D2643DD92002A3E13 /* Resources */,
			);
			buildRules = (
			);
			dependencies = (
			);
			name = boardpedia;
			productName = boardpedia;
			productReference = 9B41FA4F2643DD92002A3E13 /* boardpedia.app */;
			productType = "com.apple.product-type.application";
		};
/* End PBXNativeTarget section */

/* Begin PBXProject section */
		9B41FA472643DD92002A3E13 /* Project object */ = {
			isa = PBXProject;
			attributes = {
				LastSwiftUpdateCheck = 1220;
				LastUpgradeCheck = 1220;
				TargetAttributes = {
					9B41FA4E2643DD92002A3E13 = {
						CreatedOnToolsVersion = 12.2;
					};
				};
			};
			buildConfigurationList = 9B41FA4A2643DD92002A3E13 /* Build configuration list for PBXProject "boardpedia" */;
			compatibilityVersion = "Xcode 9.3";
			developmentRegion = en;
			hasScannedForEncodings = 0;
			knownRegions = (
				en,
				Base,
			);
			mainGroup = 9B41FA462643DD92002A3E13;
			productRefGroup = 9B41FA502643DD92002A3E13 /* Products */;
			projectDirPath = "";
			projectRoot = "";
			targets = (
				9B41FA4E2643DD92002A3E13 /* boardpedia */,
			);
		};
/* End PBXProject section */

/* Begin PBXResourcesBuildPhase section */
		9B41FA4D2643DD92002A3E13 /* Resources */ = {
			isa = PBXResourcesBuildPhase;
			buildActionMask = 2147483647;
			files = (
				9B41FA5F2643DD95002A3E13 /* LaunchScreen.storyboard in Resources */,
				9B41FA5C2643DD95002A3E13 /* Assets.xcassets in Resources */,
				9BE09905264A8CBD007D2BEC /* Mypage.storyboard in Resources */,
				9B091128265FC12700FB5928 /* GameCollect.storyboard in Resources */,
				9BE098D6264924D9007D2BEC /* Search.storyboard in Resources */,
				9B41FA5A2643DD92002A3E13 /* Main.storyboard in Resources */,
			);
			runOnlyForDeploymentPostprocessing = 0;
		};
/* End PBXResourcesBuildPhase section */

/* Begin PBXSourcesBuildPhase section */
		9B41FA4B2643DD92002A3E13 /* Sources */ = {
			isa = PBXSourcesBuildPhase;
			buildActionMask = 2147483647;
			files = (
				9B41FA842643EE67002A3E13 /* UIView+Extension.swift in Sources */,
				9B41FA9926467FBC002A3E13 /* GameData.swift in Sources */,
				9B41FA572643DD92002A3E13 /* MainVC.swift in Sources */,
				9BE098CC26490AB2007D2BEC /* ThemeData.swift in Sources */,
				9B41FA532643DD92002A3E13 /* AppDelegate.swift in Sources */,
				9B41FA8E2643EEEC002A3E13 /* UILabel+Extension.swift in Sources */,
				9B41FA7A2643E138002A3E13 /* UIFont+Extension.swift in Sources */,
				9B162C44264AD75A00219529 /* MySaveListVC.swift in Sources */,
				9B09111C265BFB2600FB5928 /* ThemeKeywordCell.swift in Sources */,
				9BE098FB264A6AEB007D2BEC /* SearchResultData.swift in Sources */,
				9BE098EF2649AE1A007D2BEC /* TopKeywordCell.swift in Sources */,
				9B09111F265C05F100FB5928 /* ThemeGameListCell.swift in Sources */,
				9B162C4C264ADC7600219529 /* MyReviewListVC.swift in Sources */,
				9B41FA912644FC16002A3E13 /* UIButton+Extension.swift in Sources */,
				9B09110C265BEEBA00FB5928 /* ThemeVC.swift in Sources */,
				9BE098F8264A4FD9007D2BEC /* SearchResultVC.swift in Sources */,
				9B41FA552643DD92002A3E13 /* SceneDelegate.swift in Sources */,
				9BE098E026498C52007D2BEC /* UITextField+Extension.swift in Sources */,
				9BE098C926490A01007D2BEC /* ThemeGameCell.swift in Sources */,
				9BE098EB264995DC007D2BEC /* RecentKeywordCell.swift in Sources */,
				9B9C53C8264D1DE900C6A01C /* MyReviewCell.swift in Sources */,
				9BE098E7264995A6007D2BEC /* KeywordData.swift in Sources */,
				9BE098D926492562007D2BEC /* SearchVC.swift in Sources */,
				9BE09915264AA448007D2BEC /* MypageVC.swift in Sources */,
				9B41FA812643ED31002A3E13 /* UIColor+Extension.swift in Sources */,
				9B09112B265FC14500FB5928 /* GameCollectVC.swift in Sources */,
				9B162C49264AD79700219529 /* MySaveListCell.swift in Sources */,
				9B41FA9626467B96002A3E13 /* TrandingGameCell.swift in Sources */,
				9BE098F22649B3E8007D2BEC /* LeftAlignFlowLayout.swift in Sources */,
				9BE098FE264A6E8D007D2BEC /* SearchResultCell.swift in Sources */,
				9BE098E4264991C7007D2BEC /* KeywordVC.swift in Sources */,
				9B9C53C0264D083A00C6A01C /* SwipeListVC.swift in Sources */,
				9B9C53CB264D23C900C6A01C /* MyReviewData.swift in Sources */,
				9B091112265BF13F00FB5928 /* ThemeCollectionViewFlowLayout.swift in Sources */,
				9B09110F265BEEF500FB5928 /* ThemeCollectionReusableView.swift in Sources */,
			);
			runOnlyForDeploymentPostprocessing = 0;
		};
/* End PBXSourcesBuildPhase section */

/* Begin PBXVariantGroup section */
		9B41FA582643DD92002A3E13 /* Main.storyboard */ = {
			isa = PBXVariantGroup;
			children = (
				9B41FA592643DD92002A3E13 /* Base */,
			);
			name = Main.storyboard;
			sourceTree = "<group>";
		};
		9B41FA5D2643DD95002A3E13 /* LaunchScreen.storyboard */ = {
			isa = PBXVariantGroup;
			children = (
				9B41FA5E2643DD95002A3E13 /* Base */,
			);
			name = LaunchScreen.storyboard;
			sourceTree = "<group>";
		};
/* End PBXVariantGroup section */

/* Begin XCBuildConfiguration section */
		9B41FA612643DD95002A3E13 /* Debug */ = {
			isa = XCBuildConfiguration;
			buildSettings = {
				ALWAYS_SEARCH_USER_PATHS = NO;
				CLANG_ANALYZER_NONNULL = YES;
				CLANG_ANALYZER_NUMBER_OBJECT_CONVERSION = YES_AGGRESSIVE;
				CLANG_CXX_LANGUAGE_STANDARD = "gnu++14";
				CLANG_CXX_LIBRARY = "libc++";
				CLANG_ENABLE_MODULES = YES;
				CLANG_ENABLE_OBJC_ARC = YES;
				CLANG_ENABLE_OBJC_WEAK = YES;
				CLANG_WARN_BLOCK_CAPTURE_AUTORELEASING = YES;
				CLANG_WARN_BOOL_CONVERSION = YES;
				CLANG_WARN_COMMA = YES;
				CLANG_WARN_CONSTANT_CONVERSION = YES;
				CLANG_WARN_DEPRECATED_OBJC_IMPLEMENTATIONS = YES;
				CLANG_WARN_DIRECT_OBJC_ISA_USAGE = YES_ERROR;
				CLANG_WARN_DOCUMENTATION_COMMENTS = YES;
				CLANG_WARN_EMPTY_BODY = YES;
				CLANG_WARN_ENUM_CONVERSION = YES;
				CLANG_WARN_INFINITE_RECURSION = YES;
				CLANG_WARN_INT_CONVERSION = YES;
				CLANG_WARN_NON_LITERAL_NULL_CONVERSION = YES;
				CLANG_WARN_OBJC_IMPLICIT_RETAIN_SELF = YES;
				CLANG_WARN_OBJC_LITERAL_CONVERSION = YES;
				CLANG_WARN_OBJC_ROOT_CLASS = YES_ERROR;
				CLANG_WARN_QUOTED_INCLUDE_IN_FRAMEWORK_HEADER = YES;
				CLANG_WARN_RANGE_LOOP_ANALYSIS = YES;
				CLANG_WARN_STRICT_PROTOTYPES = YES;
				CLANG_WARN_SUSPICIOUS_MOVE = YES;
				CLANG_WARN_UNGUARDED_AVAILABILITY = YES_AGGRESSIVE;
				CLANG_WARN_UNREACHABLE_CODE = YES;
				CLANG_WARN__DUPLICATE_METHOD_MATCH = YES;
				COPY_PHASE_STRIP = NO;
				DEBUG_INFORMATION_FORMAT = dwarf;
				ENABLE_STRICT_OBJC_MSGSEND = YES;
				ENABLE_TESTABILITY = YES;
				GCC_C_LANGUAGE_STANDARD = gnu11;
				GCC_DYNAMIC_NO_PIC = NO;
				GCC_NO_COMMON_BLOCKS = YES;
				GCC_OPTIMIZATION_LEVEL = 0;
				GCC_PREPROCESSOR_DEFINITIONS = (
					"DEBUG=1",
					"$(inherited)",
				);
				GCC_WARN_64_TO_32_BIT_CONVERSION = YES;
				GCC_WARN_ABOUT_RETURN_TYPE = YES_ERROR;
				GCC_WARN_UNDECLARED_SELECTOR = YES;
				GCC_WARN_UNINITIALIZED_AUTOS = YES_AGGRESSIVE;
				GCC_WARN_UNUSED_FUNCTION = YES;
				GCC_WARN_UNUSED_VARIABLE = YES;
				IPHONEOS_DEPLOYMENT_TARGET = 13.0;
				MTL_ENABLE_DEBUG_INFO = INCLUDE_SOURCE;
				MTL_FAST_MATH = YES;
				ONLY_ACTIVE_ARCH = YES;
				SDKROOT = iphoneos;
				SWIFT_ACTIVE_COMPILATION_CONDITIONS = DEBUG;
				SWIFT_OPTIMIZATION_LEVEL = "-Onone";
			};
			name = Debug;
		};
		9B41FA622643DD95002A3E13 /* Release */ = {
			isa = XCBuildConfiguration;
			buildSettings = {
				ALWAYS_SEARCH_USER_PATHS = NO;
				CLANG_ANALYZER_NONNULL = YES;
				CLANG_ANALYZER_NUMBER_OBJECT_CONVERSION = YES_AGGRESSIVE;
				CLANG_CXX_LANGUAGE_STANDARD = "gnu++14";
				CLANG_CXX_LIBRARY = "libc++";
				CLANG_ENABLE_MODULES = YES;
				CLANG_ENABLE_OBJC_ARC = YES;
				CLANG_ENABLE_OBJC_WEAK = YES;
				CLANG_WARN_BLOCK_CAPTURE_AUTORELEASING = YES;
				CLANG_WARN_BOOL_CONVERSION = YES;
				CLANG_WARN_COMMA = YES;
				CLANG_WARN_CONSTANT_CONVERSION = YES;
				CLANG_WARN_DEPRECATED_OBJC_IMPLEMENTATIONS = YES;
				CLANG_WARN_DIRECT_OBJC_ISA_USAGE = YES_ERROR;
				CLANG_WARN_DOCUMENTATION_COMMENTS = YES;
				CLANG_WARN_EMPTY_BODY = YES;
				CLANG_WARN_ENUM_CONVERSION = YES;
				CLANG_WARN_INFINITE_RECURSION = YES;
				CLANG_WARN_INT_CONVERSION = YES;
				CLANG_WARN_NON_LITERAL_NULL_CONVERSION = YES;
				CLANG_WARN_OBJC_IMPLICIT_RETAIN_SELF = YES;
				CLANG_WARN_OBJC_LITERAL_CONVERSION = YES;
				CLANG_WARN_OBJC_ROOT_CLASS = YES_ERROR;
				CLANG_WARN_QUOTED_INCLUDE_IN_FRAMEWORK_HEADER = YES;
				CLANG_WARN_RANGE_LOOP_ANALYSIS = YES;
				CLANG_WARN_STRICT_PROTOTYPES = YES;
				CLANG_WARN_SUSPICIOUS_MOVE = YES;
				CLANG_WARN_UNGUARDED_AVAILABILITY = YES_AGGRESSIVE;
				CLANG_WARN_UNREACHABLE_CODE = YES;
				CLANG_WARN__DUPLICATE_METHOD_MATCH = YES;
				COPY_PHASE_STRIP = NO;
				DEBUG_INFORMATION_FORMAT = "dwarf-with-dsym";
				ENABLE_NS_ASSERTIONS = NO;
				ENABLE_STRICT_OBJC_MSGSEND = YES;
				GCC_C_LANGUAGE_STANDARD = gnu11;
				GCC_NO_COMMON_BLOCKS = YES;
				GCC_WARN_64_TO_32_BIT_CONVERSION = YES;
				GCC_WARN_ABOUT_RETURN_TYPE = YES_ERROR;
				GCC_WARN_UNDECLARED_SELECTOR = YES;
				GCC_WARN_UNINITIALIZED_AUTOS = YES_AGGRESSIVE;
				GCC_WARN_UNUSED_FUNCTION = YES;
				GCC_WARN_UNUSED_VARIABLE = YES;
				IPHONEOS_DEPLOYMENT_TARGET = 13.0;
				MTL_ENABLE_DEBUG_INFO = NO;
				MTL_FAST_MATH = YES;
				SDKROOT = iphoneos;
				SWIFT_COMPILATION_MODE = wholemodule;
				SWIFT_OPTIMIZATION_LEVEL = "-O";
				VALIDATE_PRODUCT = YES;
			};
			name = Release;
		};
		9B41FA642643DD95002A3E13 /* Debug */ = {
			isa = XCBuildConfiguration;
			buildSettings = {
				ASSETCATALOG_COMPILER_APPICON_NAME = AppIcon;
				ASSETCATALOG_COMPILER_GLOBAL_ACCENT_COLOR_NAME = AccentColor;
				CODE_SIGN_STYLE = Automatic;
				DEVELOPMENT_TEAM = DUQE66MABG;
				INFOPLIST_FILE = boardpedia/Support/Info.plist;
				LD_RUNPATH_SEARCH_PATHS = (
					"$(inherited)",
					"@executable_path/Frameworks",
				);
				PRODUCT_BUNDLE_IDENTIFIER = arcade.boardpedia;
				PRODUCT_NAME = "$(TARGET_NAME)";
				SWIFT_VERSION = 5.0;
				TARGETED_DEVICE_FAMILY = 1;
			};
			name = Debug;
		};
		9B41FA652643DD95002A3E13 /* Release */ = {
			isa = XCBuildConfiguration;
			buildSettings = {
				ASSETCATALOG_COMPILER_APPICON_NAME = AppIcon;
				ASSETCATALOG_COMPILER_GLOBAL_ACCENT_COLOR_NAME = AccentColor;
				CODE_SIGN_STYLE = Automatic;
				DEVELOPMENT_TEAM = DUQE66MABG;
				INFOPLIST_FILE = boardpedia/Support/Info.plist;
				LD_RUNPATH_SEARCH_PATHS = (
					"$(inherited)",
					"@executable_path/Frameworks",
				);
				PRODUCT_BUNDLE_IDENTIFIER = arcade.boardpedia;
				PRODUCT_NAME = "$(TARGET_NAME)";
				SWIFT_VERSION = 5.0;
				TARGETED_DEVICE_FAMILY = 1;
			};
			name = Release;
		};
/* End XCBuildConfiguration section */

/* Begin XCConfigurationList section */
		9B41FA4A2643DD92002A3E13 /* Build configuration list for PBXProject "boardpedia" */ = {
			isa = XCConfigurationList;
			buildConfigurations = (
				9B41FA612643DD95002A3E13 /* Debug */,
				9B41FA622643DD95002A3E13 /* Release */,
			);
			defaultConfigurationIsVisible = 0;
			defaultConfigurationName = Release;
		};
		9B41FA632643DD95002A3E13 /* Build configuration list for PBXNativeTarget "boardpedia" */ = {
			isa = XCConfigurationList;
			buildConfigurations = (
				9B41FA642643DD95002A3E13 /* Debug */,
				9B41FA652643DD95002A3E13 /* Release */,
			);
			defaultConfigurationIsVisible = 0;
			defaultConfigurationName = Release;
		};
/* End XCConfigurationList section */
	};
	rootObject = 9B41FA472643DD92002A3E13 /* Project object */;
}
